
Microsoft Visual Studio Solution File, Format Version 12.00
# Visual Studio Version 17
VisualStudioVersion = 17.11.35312.102
MinimumVisualStudioVersion = 10.0.40219.1
Project("{8BC9CEB8-8B4A-11D0-8D11-00A0C91BC942}") = "MultiThreadTest", "MultiThreadTest.vcxproj", "{DAFA0CBC-28CE-4586-ACC4-BACF769FE9DC}"
EndProject
Project("{8BC9CEB8-8B4A-11D0-8D11-00A0C91BC942}") = "Deadlock", "Deadlock\Deadlock.vcxproj", "{EB20203C-5052-4AE1-8F99-A3B05B498565}"
EndProject
Project("{8BC9CEB8-8B4A-11D0-8D11-00A0C91BC942}") = "Overload", "Overload\Overload.vcxproj", "{DD6FD89C-B1D7-4EE0-BF19-947C1BCA4B6C}"
EndProject
Global
	GlobalSection(SolutionConfigurationPlatforms) = preSolution
		Debug|x64 = Debug|x64
		Debug|x86 = Debug|x86
		Release|x64 = Release|x64
		Release|x86 = Release|x86
	EndGlobalSection
	GlobalSection(ProjectConfigurationPlatforms) = postSolution
		{DAFA0CBC-28CE-4586-ACC4-BACF769FE9DC}.Debug|x64.ActiveCfg = Debug|x64
		{DAFA0CBC-28CE-4586-ACC4-BACF769FE9DC}.Debug|x64.Build.0 = Debug|x64
		{DAFA0CBC-28CE-4586-ACC4-BACF769FE9DC}.Debug|x86.ActiveCfg = Debug|Win32
		{DAFA0CBC-28CE-4586-ACC4-BACF769FE9DC}.Debug|x86.Build.0 = Debug|Win32
		{DAFA0CBC-28CE-4586-ACC4-BACF769FE9DC}.Release|x64.ActiveCfg = Release|x64
		{DAFA0CBC-28CE-4586-ACC4-BACF769FE9DC}.Release|x64.Build.0 = Release|x64
		{DAFA0CBC-28CE-4586-ACC4-BACF769FE9DC}.Release|x86.ActiveCfg = Release|Win32
		{DAFA0CBC-28CE-4586-ACC4-BACF769FE9DC}.Release|x86.Build.0 = Release|Win32
		{EB20203C-5052-4AE1-8F99-A3B05B498565}.Debug|x64.ActiveCfg = Debug|x64
		{EB20203C-5052-4AE1-8F99-A3B05B498565}.Debug|x64.Build.0 = Debug|x64
		{EB20203C-5052-4AE1-8F99-A3B05B498565}.Debug|x86.ActiveCfg = Debug|Win32
		{EB20203C-5052-4AE1-8F99-A3B05B498565}.Debug|x86.Build.0 = Debug|Win32
		{EB20203C-5052-4AE1-8F99-A3B05B498565}.Release|x64.ActiveCfg = Release|x64
		{EB20203C-5052-4AE1-8F99-A3B05B498565}.Release|x64.Build.0 = Release|x64
		{EB20203C-5052-4AE1-8F99-A3B05B498565}.Release|x86.ActiveCfg = Release|Win32
		{EB20203C-5052-4AE1-8F99-A3B05B498565}.Release|x86.Build.0 = Release|Win32
		{DD6FD89C-B1D7-4EE0-BF19-947C1BCA4B6C}.Debug|x64.ActiveCfg = Debug|x64
		{DD6FD89C-B1D7-4EE0-BF19-947C1BCA4B6C}.Debug|x64.Build.0 = Debug|x64
		{DD6FD89C-B1D7-4EE0-BF19-947C1BCA4B6C}.Debug|x86.ActiveCfg = Debug|Win32
		{DD6FD89C-B1D7-4EE0-BF19-947C1BCA4B6C}.Debug|x86.Build.0 = Debug|Win32
		{DD6FD89C-B1D7-4EE0-BF19-947C1BCA4B6C}.Release|x64.ActiveCfg = Release|x64
		{DD6FD89C-B1D7-4EE0-BF19-947C1BCA4B6C}.Release|x64.Build.0 = Release|x64
		{DD6FD89C-B1D7-4EE0-BF19-947C1BCA4B6C}.Release|x86.ActiveCfg = Release|Win32
		{DD6FD89C-B1D7-4EE0-BF19-947C1BCA4B6C}.Release|x86.Build.0 = Release|Win32
	EndGlobalSection
	GlobalSection(SolutionProperties) = preSolution
		HideSolutionNode = FALSE
	EndGlobalSection
	GlobalSection(ExtensibilityGlobals) = postSolution
		SolutionGuid = {8F6DF779-43E7-404D-AD4C-4E47B3A73806}
	EndGlobalSection
EndGlobal
