
Microsoft Visual Studio Solution File, Format Version 12.00
# Visual Studio Version 17
VisualStudioVersion = 17.11.35312.102
MinimumVisualStudioVersion = 10.0.40219.1
Project("{8BC9CEB8-8B4A-11D0-8D11-00A0C91BC942}") = "Hard", "Hard.vcxproj", "{7444291C-17C2-4344-8405-FB5D5B35BDD7}"
EndProject
Project("{8BC9CEB8-8B4A-11D0-8D11-00A0C91BC942}") = "TrappingRainWater", "TrappingRainWater\TrappingRainWater.vcxproj", "{0783A078-3E33-4230-B4C9-6CA59FA356D3}"
EndProject
Project("{8BC9CEB8-8B4A-11D0-8D11-00A0C91BC942}") = "ShortestSubarrayWithSumAtLeastK_862", "ShortestSubarrayWithSumAtLeastK_862\ShortestSubarrayWithSumAtLeastK_862.vcxproj", "{DA114BD6-06B3-4301-99FA-CB88FDEF6746}"
EndProject
Project("{8BC9CEB8-8B4A-11D0-8D11-00A0C91BC942}") = "RecoverTreeFromPreOrder_1028", "RecoverTreeFromPreOrder_1028\RecoverTreeFromPreOrder_1028.vcxproj", "{78F0C247-7791-4328-A1F2-ED81414BA427}"
EndProject
Project("{8BC9CEB8-8B4A-11D0-8D11-00A0C91BC942}") = "1092_ShortestCommonSupersequence", "..\DynamicProgramming\1092_ShortestCommonSupersequence\1092_ShortestCommonSupersequence.vcxproj", "{F043D8B7-BE0F-4A22-9958-F9BF7B162CE2}"
EndProject
Project("{8BC9CEB8-8B4A-11D0-8D11-00A0C91BC942}") = "84_LargestRectangle_Histogram", "..\Stack\84_LargestRectangle_Histogram\84_LargestRectangle_Histogram.vcxproj", "{7A11C969-EB6A-43E5-BF23-946D4D62B3DE}"
EndProject
Global
	GlobalSection(SolutionConfigurationPlatforms) = preSolution
		Debug|x64 = Debug|x64
		Debug|x86 = Debug|x86
		Release|x64 = Release|x64
		Release|x86 = Release|x86
	EndGlobalSection
	GlobalSection(ProjectConfigurationPlatforms) = postSolution
		{7444291C-17C2-4344-8405-FB5D5B35BDD7}.Debug|x64.ActiveCfg = Debug|x64
		{7444291C-17C2-4344-8405-FB5D5B35BDD7}.Debug|x64.Build.0 = Debug|x64
		{7444291C-17C2-4344-8405-FB5D5B35BDD7}.Debug|x86.ActiveCfg = Debug|Win32
		{7444291C-17C2-4344-8405-FB5D5B35BDD7}.Debug|x86.Build.0 = Debug|Win32
		{7444291C-17C2-4344-8405-FB5D5B35BDD7}.Release|x64.ActiveCfg = Release|x64
		{7444291C-17C2-4344-8405-FB5D5B35BDD7}.Release|x64.Build.0 = Release|x64
		{7444291C-17C2-4344-8405-FB5D5B35BDD7}.Release|x86.ActiveCfg = Release|Win32
		{7444291C-17C2-4344-8405-FB5D5B35BDD7}.Release|x86.Build.0 = Release|Win32
		{0783A078-3E33-4230-B4C9-6CA59FA356D3}.Debug|x64.ActiveCfg = Debug|x64
		{0783A078-3E33-4230-B4C9-6CA59FA356D3}.Debug|x64.Build.0 = Debug|x64
		{0783A078-3E33-4230-B4C9-6CA59FA356D3}.Debug|x86.ActiveCfg = Debug|Win32
		{0783A078-3E33-4230-B4C9-6CA59FA356D3}.Debug|x86.Build.0 = Debug|Win32
		{0783A078-3E33-4230-B4C9-6CA59FA356D3}.Release|x64.ActiveCfg = Release|x64
		{0783A078-3E33-4230-B4C9-6CA59FA356D3}.Release|x64.Build.0 = Release|x64
		{0783A078-3E33-4230-B4C9-6CA59FA356D3}.Release|x86.ActiveCfg = Release|Win32
		{0783A078-3E33-4230-B4C9-6CA59FA356D3}.Release|x86.Build.0 = Release|Win32
		{DA114BD6-06B3-4301-99FA-CB88FDEF6746}.Debug|x64.ActiveCfg = Debug|x64
		{DA114BD6-06B3-4301-99FA-CB88FDEF6746}.Debug|x64.Build.0 = Debug|x64
		{DA114BD6-06B3-4301-99FA-CB88FDEF6746}.Debug|x86.ActiveCfg = Debug|Win32
		{DA114BD6-06B3-4301-99FA-CB88FDEF6746}.Debug|x86.Build.0 = Debug|Win32
		{DA114BD6-06B3-4301-99FA-CB88FDEF6746}.Release|x64.ActiveCfg = Release|x64
		{DA114BD6-06B3-4301-99FA-CB88FDEF6746}.Release|x64.Build.0 = Release|x64
		{DA114BD6-06B3-4301-99FA-CB88FDEF6746}.Release|x86.ActiveCfg = Release|Win32
		{DA114BD6-06B3-4301-99FA-CB88FDEF6746}.Release|x86.Build.0 = Release|Win32
		{78F0C247-7791-4328-A1F2-ED81414BA427}.Debug|x64.ActiveCfg = Debug|x64
		{78F0C247-7791-4328-A1F2-ED81414BA427}.Debug|x64.Build.0 = Debug|x64
		{78F0C247-7791-4328-A1F2-ED81414BA427}.Debug|x86.ActiveCfg = Debug|Win32
		{78F0C247-7791-4328-A1F2-ED81414BA427}.Debug|x86.Build.0 = Debug|Win32
		{78F0C247-7791-4328-A1F2-ED81414BA427}.Release|x64.ActiveCfg = Release|x64
		{78F0C247-7791-4328-A1F2-ED81414BA427}.Release|x64.Build.0 = Release|x64
		{78F0C247-7791-4328-A1F2-ED81414BA427}.Release|x86.ActiveCfg = Release|Win32
		{78F0C247-7791-4328-A1F2-ED81414BA427}.Release|x86.Build.0 = Release|Win32
		{F043D8B7-BE0F-4A22-9958-F9BF7B162CE2}.Debug|x64.ActiveCfg = Debug|x64
		{F043D8B7-BE0F-4A22-9958-F9BF7B162CE2}.Debug|x64.Build.0 = Debug|x64
		{F043D8B7-BE0F-4A22-9958-F9BF7B162CE2}.Debug|x86.ActiveCfg = Debug|Win32
		{F043D8B7-BE0F-4A22-9958-F9BF7B162CE2}.Debug|x86.Build.0 = Debug|Win32
		{F043D8B7-BE0F-4A22-9958-F9BF7B162CE2}.Release|x64.ActiveCfg = Release|x64
		{F043D8B7-BE0F-4A22-9958-F9BF7B162CE2}.Release|x64.Build.0 = Release|x64
		{F043D8B7-BE0F-4A22-9958-F9BF7B162CE2}.Release|x86.ActiveCfg = Release|Win32
		{F043D8B7-BE0F-4A22-9958-F9BF7B162CE2}.Release|x86.Build.0 = Release|Win32
		{7A11C969-EB6A-43E5-BF23-946D4D62B3DE}.Debug|x64.ActiveCfg = Debug|x64
		{7A11C969-EB6A-43E5-BF23-946D4D62B3DE}.Debug|x64.Build.0 = Debug|x64
		{7A11C969-EB6A-43E5-BF23-946D4D62B3DE}.Debug|x86.ActiveCfg = Debug|Win32
		{7A11C969-EB6A-43E5-BF23-946D4D62B3DE}.Debug|x86.Build.0 = Debug|Win32
		{7A11C969-EB6A-43E5-BF23-946D4D62B3DE}.Release|x64.ActiveCfg = Release|x64
		{7A11C969-EB6A-43E5-BF23-946D4D62B3DE}.Release|x64.Build.0 = Release|x64
		{7A11C969-EB6A-43E5-BF23-946D4D62B3DE}.Release|x86.ActiveCfg = Release|Win32
		{7A11C969-EB6A-43E5-BF23-946D4D62B3DE}.Release|x86.Build.0 = Release|Win32
	EndGlobalSection
	GlobalSection(SolutionProperties) = preSolution
		HideSolutionNode = FALSE
	EndGlobalSection
	GlobalSection(ExtensibilityGlobals) = postSolution
		SolutionGuid = {585EADA4-3BF9-4973-80A5-67E1CC5FB8DD}
	EndGlobalSection
EndGlobal
