Microsoft Visual Studio Solution File, Format Version 12.00
# Visual Studio Version 17
VisualStudioVersion = 17.11.35312.102
MinimumVisualStudioVersion = 10.0.40219.1
Project("{8BC9CEB8-8B4A-11D0-8D11-00A0C91BC942}") = "Medium", "Medium.vcxproj", "{98FF0A6E-D488-4C00-9817-F28C48849179}"
EndProject
Project("{8BC9CEB8-8B4A-11D0-8D11-00A0C91BC942}") = "Time2InformAllEmployees", "Time2InformAllEmployees\Time2InformAllEmployees.vcxproj", "{6BDDA2C2-12DA-4287-B425-2A0C08574949}"
EndProject
Project("{8BC9CEB8-8B4A-11D0-8D11-00A0C91BC942}") = "CourseSchedule", "CourseSchedule\CourseSchedule.vcxproj", "{9C6E28A3-763D-401D-80FB-0941518F4FEC}"
EndProject
Project("{8BC9CEB8-8B4A-11D0-8D11-00A0C91BC942}") = "NetworkDelayTime", "NetworkDelayTime\NetworkDelayTime.vcxproj", "{A9F7007B-C106-4700-8A2E-9C5CF226F9ED}"
EndProject
Project("{8BC9CEB8-8B4A-11D0-8D11-00A0C91BC942}") = "ClimbingStairs", "ClimbingStairs\ClimbingStairs.vcxproj", "{769F5DFC-1699-43A4-A243-3408D7A7A713}"
EndProject
Project("{8BC9CEB8-8B4A-11D0-8D11-00A0C91BC942}") = "PartitionEqualSubsetSum", "PartitionEqualSubsetSum\PartitionEqualSubsetSum.vcxproj", "{CC30158A-BB16-4744-A6EC-E539FC03AFAD}"
EndProject
Project("{8BC9CEB8-8B4A-11D0-8D11-00A0C91BC942}") = "ContainerWithMostWater", "ContainerWithMostWater\ContainerWithMostWater.vcxproj", "{32CB4C4B-0A82-4A19-9389-F60ED33F5178}"
EndProject
Project("{8BC9CEB8-8B4A-11D0-8D11-00A0C91BC942}") = "Prime Subtraction Operation", "Prime Subtraction Operation\Prime Subtraction Operation.vcxproj", "{BFA9BB24-CB71-44EF-B27F-156BC9D60485}"
EndProject
Project("{8BC9CEB8-8B4A-11D0-8D11-00A0C91BC942}") = "LetterCombinations_17", "LetterCombinations_17\LetterCombinations_17.vcxproj", "{ABD1BBBF-35A9-4317-859E-64BBA5958900}"
EndProject
Project("{8BC9CEB8-8B4A-11D0-8D11-00A0C91BC942}") = "GenerateParentheses_22", "GenerateParentheses_22\GenerateParentheses_22.vcxproj", "{A9761B02-E5F8-42EA-BA6C-82232C11B2A9}"
EndProject
Project("{8BC9CEB8-8B4A-11D0-8D11-00A0C91BC942}") = "CombinationSum_39", "CombinationSum_39\CombinationSum_39.vcxproj", "{D5C7893B-2FF4-4656-A6ED-3638AB69278D}"
EndProject
Project("{8BC9CEB8-8B4A-11D0-8D11-00A0C91BC942}") = "CombinationSumII_40", "CombinationSumII_40\CombinationSumII_40.vcxproj", "{4A7A080F-5DAE-44AB-B37B-906174EDA826}"
EndProject
Project("{8BC9CEB8-8B4A-11D0-8D11-00A0C91BC942}") = "WordSearch_79", "WordSearch_79\WordSearch_79.vcxproj", "{2C1A9663-5CD8-4B10-BEAA-1DC2A628E907}"
EndProject
Project("{8BC9CEB8-8B4A-11D0-8D11-00A0C91BC942}") = "LongestSubstringWithoutRepetition", "LongestSubstringWithoutRepetition\LongestSubstringWithoutRepetition.vcxproj", "{ADAB217F-CD33-4278-898A-C2CCB89199E5}"
EndProject
Project("{8BC9CEB8-8B4A-11D0-8D11-00A0C91BC942}") = "TakeKofCharsFromLeftRight_2516", "TakeKofCharsFromLeftRight_2516\TakeKofCharsFromLeftRight_2516.vcxproj", "{894C48A5-B0BA-41F5-A0DB-F12FA38F045B}"
EndProject
Project("{8BC9CEB8-8B4A-11D0-8D11-00A0C91BC942}") = "Permutations_46", "Permutations_46\Permutations_46.vcxproj", "{D4B1A47B-E37C-499D-9AF9-FCE5659991E6}"
EndProject
Project("{8BC9CEB8-8B4A-11D0-8D11-00A0C91BC942}") = "Combinations_77", "Combinations_77\Combinations_77.vcxproj", "{4C3832DE-1DEF-467C-A4BA-5636A0AE85F0}"
EndProject
Project("{8BC9CEB8-8B4A-11D0-8D11-00A0C91BC942}") = "Subsets_II_90", "Subsets_II_90\Subsets_II_90.vcxproj", "{288EB0AC-3C3F-4C37-91F3-7F72E560C814}"
EndProject
Project("{8BC9CEB8-8B4A-11D0-8D11-00A0C91BC942}") = "RestoreIpAddresses_93", "RestoreIpAddresses_93\RestoreIpAddresses_93.vcxproj", "{046A056D-7EAD-4FF6-97FF-74558038293D}"
EndProject
Project("{8BC9CEB8-8B4A-11D0-8D11-00A0C91BC942}") = "KeysAndRooms_841", "KeysAndRooms_841\KeysAndRooms_841.vcxproj", "{D676C4EB-F743-4ECD-908F-64E7709A3F04}"
EndProject
Project("{8BC9CEB8-8B4A-11D0-8D11-00A0C91BC942}") = "NumberOfProvinces_574", "NumberOfProvinces_574\NumberOfProvinces_574.vcxproj", "{FE888892-0902-47C3-A640-52590FBE4843}"
EndProject
Project("{8BC9CEB8-8B4A-11D0-8D11-00A0C91BC942}") = "KLargestElementInArray", "KLargestElementInArray\KLargestElementInArray.vcxproj", "{84F5903C-D962-4BD5-BD34-54942EEB7129}"
EndProject
Project("{8BC9CEB8-8B4A-11D0-8D11-00A0C91BC942}") = "Trie_PrefixTree_208", "Trie_PrefixTree_208\Trie_PrefixTree_208.vcxproj", "{0D851AC9-168F-44B3-AE3B-BBE846C1B604}"
EndProject
Project("{8BC9CEB8-8B4A-11D0-8D11-00A0C91BC942}") = "ConstructDistancedSequence_1718", "ConstructDistancedSequence_1718\ConstructDistancedSequence_1718.vcxproj", "{55282B3E-5BE0-44B3-B468-AAABAA13E303}"
EndProject
Project("{8BC9CEB8-8B4A-11D0-8D11-00A0C91BC942}") = "ConstructSmallestNumber_2375", "ConstructSmallestNumber_2375\ConstructSmallestNumber_2375.vcxproj", "{EC335B17-FA60-4A65-9926-59BA1009B958}"
EndProject
Project("{8BC9CEB8-8B4A-11D0-8D11-00A0C91BC942}") = "LetterTilePossibilities_1079", "LetterTilePossibilities_1079\LetterTilePossibilities_1079.vcxproj", "{D60C26B0-09E3-489B-82C4-69FDF43F034F}"
EndProject
Project("{8BC9CEB8-8B4A-11D0-8D11-00A0C91BC942}") = "ReverseWords_151", "ReverseWords_151\ReverseWords_151.vcxproj", "{0C051907-95A8-43D9-8A9B-AF44E9D02753}"
EndProject
Project("{8BC9CEB8-8B4A-11D0-8D11-00A0C91BC942}") = "TheKHappyString_1415", "TheKHappyString_1415\TheKHappyString_1415.vcxproj", "{346965D3-3A01-4D8D-972F-60A7406F5B78}"
EndProject
Project("{8BC9CEB8-8B4A-11D0-8D11-00A0C91BC942}") = "ProductOfArrayExeptSelf_238", "ProductOfArrayExeptSelf_238\ProductOfArrayExeptSelf_238.vcxproj", "{4FA6F531-4324-4828-B89D-90C5252D7CC4}"
EndProject
Project("{8BC9CEB8-8B4A-11D0-8D11-00A0C91BC942}") = "IncreasingTripletSequence_334", "IncreasingTripletSequence_334\IncreasingTripletSequence_334.vcxproj", "{EF4132FA-E35F-4E59-8376-079DEBBFCB6E}"
EndProject
Project("{8BC9CEB8-8B4A-11D0-8D11-00A0C91BC942}") = "MaxVowelsInSubstring_1456", "MaxVowelsInSubstring_1456\MaxVowelsInSubstring_1456.vcxproj", "{A01D627A-57FC-41E0-B9EB-0D7C6849E785}"
EndProject
Project("{8BC9CEB8-8B4A-11D0-8D11-00A0C91BC942}") = "MaxConsecutiveOnes_1004", "MaxConsecutiveOnes_1004\MaxConsecutiveOnes_1004.vcxproj", "{1473A1FE-B846-4B89-9C3F-49F394055277}"
EndProject
Project("{8BC9CEB8-8B4A-11D0-8D11-00A0C91BC942}") = "FindElementsInContaminatedBTree_1261", "FindElementsInContaminatedBTree_1261\FindElementsInContaminatedBTree_1261.vcxproj", "{EAEE5F4D-319A-4F21-AEF0-E3FDFEFD31A2}"
EndProject
Project("{8BC9CEB8-8B4A-11D0-8D11-00A0C91BC942}") = "ContructTreeFromPrePostOrders_889", "ContructTreeFromPrePostOrders_889\ContructTreeFromPrePostOrders_889.vcxproj", "{D762F07E-EC24-4986-9541-FB0FBAF1A96C}"
EndProject
Project("{8BC9CEB8-8B4A-11D0-8D11-00A0C91BC942}") = "TwoSumII_167", "TwoSumII_167\TwoSumII_167.vcxproj", "{806ED6C1-F814-40BD-9B38-FD2DF51F791C}"
EndProject
Project("{8BC9CEB8-8B4A-11D0-8D11-00A0C91BC942}") = "ThreeSum_15", "ThreeSum_15\ThreeSum_15.vcxproj", "{3C030D14-2B12-4D1F-9753-B62D665B4CE3}"
EndProject
Project("{8BC9CEB8-8B4A-11D0-8D11-00A0C91BC942}") = "MostProfitablePathInTree_2467", "MostProfitablePathInTree_2467\MostProfitablePathInTree_2467.vcxproj", "{BA7CDF81-2D9B-4BF0-B41F-7935EA90F106}"
EndProject
Project("{8BC9CEB8-8B4A-11D0-8D11-00A0C91BC942}") = "1749_MaxAbsoluteSumSubArray", "..\PrefixSum\1749_MaxAbsoluteSumSubArray\1749_MaxAbsoluteSumSubArray.vcxproj", "{771E94EE-DE1E-47B1-8DA1-4234C9F0E932}"
EndProject
Project("{8BC9CEB8-8B4A-11D0-8D11-00A0C91BC942}") = "53_MaxSubArray", "..\PrefixSum\53_MaxSubArray\53_MaxSubArray.vcxproj", "{B91B564D-C888-47F8-BBD9-61C8C8C9F2F3}"
EndProject
Project("{8BC9CEB8-8B4A-11D0-8D11-00A0C91BC942}") = "202_HappyNumber", "..\2Pointer\202_HappyNumber\202_HappyNumber.vcxproj", "{96457E2E-839F-4C06-9C3C-4EEB5F884EED}"
EndProject
Project("{8BC9CEB8-8B4A-11D0-8D11-00A0C91BC942}") = "503_Next_Greater_Element_II", "..\Stack\503_Next_Greater_Element_II\503_Next_Greater_Element_II.vcxproj", "{55DA6E66-C0F6-4EED-A505-D2A757377FD8}"
EndProject
Project("{8BC9CEB8-8B4A-11D0-8D11-00A0C91BC942}") = "739_DailyTemperatures", "..\Stack\739_DailyTemperatures\739_DailyTemperatures.vcxproj", "{040AF8AB-E8BB-41BA-A432-EE3DC5C1CCED}"
EndProject
Project("{8BC9CEB8-8B4A-11D0-8D11-00A0C91BC942}") = "1856_MaxSubarrayMinProduct", "..\Stack\1856_MaxSubarrayMinProduct\1856_MaxSubarrayMinProduct.vcxproj", "{58F01370-D2A1-49EF-97A3-D7F2586E9F20}"
EndProject
Project("{8BC9CEB8-8B4A-11D0-8D11-00A0C91BC942}") = "950_Reveal_Cards_Increasing_Order", "..\Queue\950_Reveal_Cards_Increasing_Order\950_Reveal_Cards_Increasing_Order.vcxproj", "{6C38B9ED-A74B-4EFC-80CC-ADEE2B6EFED6}"
EndProject
Project("{8BC9CEB8-8B4A-11D0-8D11-00A0C91BC942}") = "40_Combination_Sum_II", "..\Backtrack\40_Combination_Sum_II\40_Combination_Sum_II.vcxproj", "{2E9FD6AC-4716-4E38-A319-A7FBFAC3BDF7}"
EndProject
Project("{8BC9CEB8-8B4A-11D0-8D11-00A0C91BC942}") = "216. Combination Sum III", "..\Backtrack\216. Combination Sum III\216. Combination Sum III.vcxproj", "{00047653-464E-4F7E-8236-159E8986CE6E}"
EndProject
Project("{8BC9CEB8-8B4A-11D0-8D11-00A0C91BC942}") = "146. LRU Cache", "..\LinkedList\146. LRU Cache\146. LRU Cache.vcxproj", "{8DA1DA88-B417-4E11-B454-76D2956887F7}"
EndProject
Project("{2150E333-8FDC-42A3-9474-1A3956D46DE8}") = "Solution Items", "Solution Items", "{9B834383-6216-49E7-BED5-446D7CDB066F}"
	ProjectSection(SolutionItems) = preProject
		Node.h = Node.h
	EndProjectSection
EndProject
Project("{8BC9CEB8-8B4A-11D0-8D11-00A0C91BC942}") = "142. Linked List Cycle II", "..\LinkedList\142. Linked List Cycle II\142. Linked List Cycle II.vcxproj", "{4B1199D5-2964-4B79-BC93-1EE6BAB9DDCF}"
EndProject
Project("{8BC9CEB8-8B4A-11D0-8D11-00A0C91BC942}") = "34. Find First and Last Position of Element in Sorted Array", "..\BinarySearch\34. Find First and Last Position of Element in Sorted Array\34. Find First and Last Position of Element in Sorted Array.vcxproj", "{8AF576DD-2949-40B1-9636-DDB1818F57E8}"
EndProject
Project("{8BC9CEB8-8B4A-11D0-8D11-00A0C91BC942}") = "153. Find Minimum in Rotated Sorted Array", "..\BinarySearch\153. Find Minimum in Rotated Sorted Array\153. Find Minimum in Rotated Sorted Array.vcxproj", "{C7395032-6C31-400B-BF32-77D892348AFD}"
EndProject
Project("{8BC9CEB8-8B4A-11D0-8D11-00A0C91BC942}") = "698. Partition to K Equal Sum Subsets", "..\Backtrack\698. Partition to K Equal Sum Subsets\698. Partition to K Equal Sum Subsets.vcxproj", "{F294B2FF-9202-45A2-9EF4-879509F84906}"
EndProject
Project("{8BC9CEB8-8B4A-11D0-8D11-00A0C91BC942}") = "1780. Check if Number is a Sum of Powers of Three", "..\Backtrack\1780. Check if Number is a Sum of Powers of Three\1780. Check if Number is a Sum of Powers of Three.vcxproj", "{35545614-4CAA-44D3-B286-169148896E04}"
EndProject
Project("{8BC9CEB8-8B4A-11D0-8D11-00A0C91BC942}") = "300. Longest Increasing Subsequence - LIS", "..\BinarySearch\300. Longest Increasing Subsequence - LIS\300. Longest Increasing Subsequence - LIS.vcxproj", "{D3273764-E61C-4ECB-83AC-E7ABE731AD64}"
EndProject
Project("{8BC9CEB8-8B4A-11D0-8D11-00A0C91BC942}") = "852. Peak Index in a Mountain Array", "..\BinarySearch\852. Peak Index in a Mountain Array\852. Peak Index in a Mountain Array.vcxproj", "{500969B5-F2C3-492B-87F6-C41DCC09E0B0}"
EndProject
Project("{8BC9CEB8-8B4A-11D0-8D11-00A0C91BC942}") = "2. Add Two Numbers", "..\LinkedList\2. Add Two Numbers\2. Add Two Numbers.vcxproj", "{6A8DB974-56E3-4CEF-BA37-FCF0E07EFF88}"
EndProject
Project("{8BC9CEB8-8B4A-11D0-8D11-00A0C91BC942}") = "138. Copy List with Random Pointer", "..\LinkedList\138. Copy List with Random Pointer\138. Copy List with Random Pointer.vcxproj", "{96E78729-A670-4617-9848-4D295E2712EA}"
EndProject
Global
	GlobalSection(SolutionConfigurationPlatforms) = preSolution
		Debug|x64 = Debug|x64
		Debug|x86 = Debug|x86
		Release|x64 = Release|x64
		Release|x86 = Release|x86
	EndGlobalSection
	GlobalSection(ProjectConfigurationPlatforms) = postSolution
		{98FF0A6E-D488-4C00-9817-F28C48849179}.Debug|x64.ActiveCfg = Debug|x64
		{98FF0A6E-D488-4C00-9817-F28C48849179}.Debug|x64.Build.0 = Debug|x64
		{98FF0A6E-D488-4C00-9817-F28C48849179}.Debug|x86.ActiveCfg = Debug|Win32
		{98FF0A6E-D488-4C00-9817-F28C48849179}.Debug|x86.Build.0 = Debug|Win32
		{98FF0A6E-D488-4C00-9817-F28C48849179}.Release|x64.ActiveCfg = Release|x64
		{98FF0A6E-D488-4C00-9817-F28C48849179}.Release|x64.Build.0 = Release|x64
		{98FF0A6E-D488-4C00-9817-F28C48849179}.Release|x86.ActiveCfg = Release|Win32
		{98FF0A6E-D488-4C00-9817-F28C48849179}.Release|x86.Build.0 = Release|Win32
		{6BDDA2C2-12DA-4287-B425-2A0C08574949}.Debug|x64.ActiveCfg = Debug|x64
		{6BDDA2C2-12DA-4287-B425-2A0C08574949}.Debug|x64.Build.0 = Debug|x64
		{6BDDA2C2-12DA-4287-B425-2A0C08574949}.Debug|x86.ActiveCfg = Debug|Win32
		{6BDDA2C2-12DA-4287-B425-2A0C08574949}.Debug|x86.Build.0 = Debug|Win32
		{6BDDA2C2-12DA-4287-B425-2A0C08574949}.Release|x64.ActiveCfg = Release|x64
		{6BDDA2C2-12DA-4287-B425-2A0C08574949}.Release|x64.Build.0 = Release|x64
		{6BDDA2C2-12DA-4287-B425-2A0C08574949}.Release|x86.ActiveCfg = Release|Win32
		{6BDDA2C2-12DA-4287-B425-2A0C08574949}.Release|x86.Build.0 = Release|Win32
		{9C6E28A3-763D-401D-80FB-0941518F4FEC}.Debug|x64.ActiveCfg = Debug|x64
		{9C6E28A3-763D-401D-80FB-0941518F4FEC}.Debug|x64.Build.0 = Debug|x64
		{9C6E28A3-763D-401D-80FB-0941518F4FEC}.Debug|x86.ActiveCfg = Debug|Win32
		{9C6E28A3-763D-401D-80FB-0941518F4FEC}.Debug|x86.Build.0 = Debug|Win32
		{9C6E28A3-763D-401D-80FB-0941518F4FEC}.Release|x64.ActiveCfg = Release|x64
		{9C6E28A3-763D-401D-80FB-0941518F4FEC}.Release|x64.Build.0 = Release|x64
		{9C6E28A3-763D-401D-80FB-0941518F4FEC}.Release|x86.ActiveCfg = Release|Win32
		{9C6E28A3-763D-401D-80FB-0941518F4FEC}.Release|x86.Build.0 = Release|Win32
		{A9F7007B-C106-4700-8A2E-9C5CF226F9ED}.Debug|x64.ActiveCfg = Debug|x64
		{A9F7007B-C106-4700-8A2E-9C5CF226F9ED}.Debug|x64.Build.0 = Debug|x64
		{A9F7007B-C106-4700-8A2E-9C5CF226F9ED}.Debug|x86.ActiveCfg = Debug|Win32
		{A9F7007B-C106-4700-8A2E-9C5CF226F9ED}.Debug|x86.Build.0 = Debug|Win32
		{A9F7007B-C106-4700-8A2E-9C5CF226F9ED}.Release|x64.ActiveCfg = Release|x64
		{A9F7007B-C106-4700-8A2E-9C5CF226F9ED}.Release|x64.Build.0 = Release|x64
		{A9F7007B-C106-4700-8A2E-9C5CF226F9ED}.Release|x86.ActiveCfg = Release|Win32
		{A9F7007B-C106-4700-8A2E-9C5CF226F9ED}.Release|x86.Build.0 = Release|Win32
		{769F5DFC-1699-43A4-A243-3408D7A7A713}.Debug|x64.ActiveCfg = Debug|x64
		{769F5DFC-1699-43A4-A243-3408D7A7A713}.Debug|x64.Build.0 = Debug|x64
		{769F5DFC-1699-43A4-A243-3408D7A7A713}.Debug|x86.ActiveCfg = Debug|Win32
		{769F5DFC-1699-43A4-A243-3408D7A7A713}.Debug|x86.Build.0 = Debug|Win32
		{769F5DFC-1699-43A4-A243-3408D7A7A713}.Release|x64.ActiveCfg = Release|x64
		{769F5DFC-1699-43A4-A243-3408D7A7A713}.Release|x64.Build.0 = Release|x64
		{769F5DFC-1699-43A4-A243-3408D7A7A713}.Release|x86.ActiveCfg = Release|Win32
		{769F5DFC-1699-43A4-A243-3408D7A7A713}.Release|x86.Build.0 = Release|Win32
		{CC30158A-BB16-4744-A6EC-E539FC03AFAD}.Debug|x64.ActiveCfg = Debug|x64
		{CC30158A-BB16-4744-A6EC-E539FC03AFAD}.Debug|x64.Build.0 = Debug|x64
		{CC30158A-BB16-4744-A6EC-E539FC03AFAD}.Debug|x86.ActiveCfg = Debug|Win32
		{CC30158A-BB16-4744-A6EC-E539FC03AFAD}.Debug|x86.Build.0 = Debug|Win32
		{CC30158A-BB16-4744-A6EC-E539FC03AFAD}.Release|x64.ActiveCfg = Release|x64
		{CC30158A-BB16-4744-A6EC-E539FC03AFAD}.Release|x64.Build.0 = Release|x64
		{CC30158A-BB16-4744-A6EC-E539FC03AFAD}.Release|x86.ActiveCfg = Release|Win32
		{CC30158A-BB16-4744-A6EC-E539FC03AFAD}.Release|x86.Build.0 = Release|Win32
		{32CB4C4B-0A82-4A19-9389-F60ED33F5178}.Debug|x64.ActiveCfg = Debug|x64
		{32CB4C4B-0A82-4A19-9389-F60ED33F5178}.Debug|x64.Build.0 = Debug|x64
		{32CB4C4B-0A82-4A19-9389-F60ED33F5178}.Debug|x86.ActiveCfg = Debug|Win32
		{32CB4C4B-0A82-4A19-9389-F60ED33F5178}.Debug|x86.Build.0 = Debug|Win32
		{32CB4C4B-0A82-4A19-9389-F60ED33F5178}.Release|x64.ActiveCfg = Release|x64
		{32CB4C4B-0A82-4A19-9389-F60ED33F5178}.Release|x64.Build.0 = Release|x64
		{32CB4C4B-0A82-4A19-9389-F60ED33F5178}.Release|x86.ActiveCfg = Release|Win32
		{32CB4C4B-0A82-4A19-9389-F60ED33F5178}.Release|x86.Build.0 = Release|Win32
		{BFA9BB24-CB71-44EF-B27F-156BC9D60485}.Debug|x64.ActiveCfg = Debug|x64
		{BFA9BB24-CB71-44EF-B27F-156BC9D60485}.Debug|x64.Build.0 = Debug|x64
		{BFA9BB24-CB71-44EF-B27F-156BC9D60485}.Debug|x86.ActiveCfg = Debug|Win32
		{BFA9BB24-CB71-44EF-B27F-156BC9D60485}.Debug|x86.Build.0 = Debug|Win32
		{BFA9BB24-CB71-44EF-B27F-156BC9D60485}.Release|x64.ActiveCfg = Release|x64
		{BFA9BB24-CB71-44EF-B27F-156BC9D60485}.Release|x64.Build.0 = Release|x64
		{BFA9BB24-CB71-44EF-B27F-156BC9D60485}.Release|x86.ActiveCfg = Release|Win32
		{BFA9BB24-CB71-44EF-B27F-156BC9D60485}.Release|x86.Build.0 = Release|Win32
		{ABD1BBBF-35A9-4317-859E-64BBA5958900}.Debug|x64.ActiveCfg = Debug|x64
		{ABD1BBBF-35A9-4317-859E-64BBA5958900}.Debug|x64.Build.0 = Debug|x64
		{ABD1BBBF-35A9-4317-859E-64BBA5958900}.Debug|x86.ActiveCfg = Debug|Win32
		{ABD1BBBF-35A9-4317-859E-64BBA5958900}.Debug|x86.Build.0 = Debug|Win32
		{ABD1BBBF-35A9-4317-859E-64BBA5958900}.Release|x64.ActiveCfg = Release|x64
		{ABD1BBBF-35A9-4317-859E-64BBA5958900}.Release|x64.Build.0 = Release|x64
		{ABD1BBBF-35A9-4317-859E-64BBA5958900}.Release|x86.ActiveCfg = Release|Win32
		{ABD1BBBF-35A9-4317-859E-64BBA5958900}.Release|x86.Build.0 = Release|Win32
		{A9761B02-E5F8-42EA-BA6C-82232C11B2A9}.Debug|x64.ActiveCfg = Debug|x64
		{A9761B02-E5F8-42EA-BA6C-82232C11B2A9}.Debug|x64.Build.0 = Debug|x64
		{A9761B02-E5F8-42EA-BA6C-82232C11B2A9}.Debug|x86.ActiveCfg = Debug|Win32
		{A9761B02-E5F8-42EA-BA6C-82232C11B2A9}.Debug|x86.Build.0 = Debug|Win32
		{A9761B02-E5F8-42EA-BA6C-82232C11B2A9}.Release|x64.ActiveCfg = Release|x64
		{A9761B02-E5F8-42EA-BA6C-82232C11B2A9}.Release|x64.Build.0 = Release|x64
		{A9761B02-E5F8-42EA-BA6C-82232C11B2A9}.Release|x86.ActiveCfg = Release|Win32
		{A9761B02-E5F8-42EA-BA6C-82232C11B2A9}.Release|x86.Build.0 = Release|Win32
		{D5C7893B-2FF4-4656-A6ED-3638AB69278D}.Debug|x64.ActiveCfg = Debug|x64
		{D5C7893B-2FF4-4656-A6ED-3638AB69278D}.Debug|x64.Build.0 = Debug|x64
		{D5C7893B-2FF4-4656-A6ED-3638AB69278D}.Debug|x86.ActiveCfg = Debug|Win32
		{D5C7893B-2FF4-4656-A6ED-3638AB69278D}.Debug|x86.Build.0 = Debug|Win32
		{D5C7893B-2FF4-4656-A6ED-3638AB69278D}.Release|x64.ActiveCfg = Release|x64
		{D5C7893B-2FF4-4656-A6ED-3638AB69278D}.Release|x64.Build.0 = Release|x64
		{D5C7893B-2FF4-4656-A6ED-3638AB69278D}.Release|x86.ActiveCfg = Release|Win32
		{D5C7893B-2FF4-4656-A6ED-3638AB69278D}.Release|x86.Build.0 = Release|Win32
		{4A7A080F-5DAE-44AB-B37B-906174EDA826}.Debug|x64.ActiveCfg = Debug|x64
		{4A7A080F-5DAE-44AB-B37B-906174EDA826}.Debug|x64.Build.0 = Debug|x64
		{4A7A080F-5DAE-44AB-B37B-906174EDA826}.Debug|x86.ActiveCfg = Debug|Win32
		{4A7A080F-5DAE-44AB-B37B-906174EDA826}.Debug|x86.Build.0 = Debug|Win32
		{4A7A080F-5DAE-44AB-B37B-906174EDA826}.Release|x64.ActiveCfg = Release|x64
		{4A7A080F-5DAE-44AB-B37B-906174EDA826}.Release|x64.Build.0 = Release|x64
		{4A7A080F-5DAE-44AB-B37B-906174EDA826}.Release|x86.ActiveCfg = Release|Win32
		{4A7A080F-5DAE-44AB-B37B-906174EDA826}.Release|x86.Build.0 = Release|Win32
		{2C1A9663-5CD8-4B10-BEAA-1DC2A628E907}.Debug|x64.ActiveCfg = Debug|x64
		{2C1A9663-5CD8-4B10-BEAA-1DC2A628E907}.Debug|x64.Build.0 = Debug|x64
		{2C1A9663-5CD8-4B10-BEAA-1DC2A628E907}.Debug|x86.ActiveCfg = Debug|Win32
		{2C1A9663-5CD8-4B10-BEAA-1DC2A628E907}.Debug|x86.Build.0 = Debug|Win32
		{2C1A9663-5CD8-4B10-BEAA-1DC2A628E907}.Release|x64.ActiveCfg = Release|x64
		{2C1A9663-5CD8-4B10-BEAA-1DC2A628E907}.Release|x64.Build.0 = Release|x64
		{2C1A9663-5CD8-4B10-BEAA-1DC2A628E907}.Release|x86.ActiveCfg = Release|Win32
		{2C1A9663-5CD8-4B10-BEAA-1DC2A628E907}.Release|x86.Build.0 = Release|Win32
		{ADAB217F-CD33-4278-898A-C2CCB89199E5}.Debug|x64.ActiveCfg = Debug|x64
		{ADAB217F-CD33-4278-898A-C2CCB89199E5}.Debug|x64.Build.0 = Debug|x64
		{ADAB217F-CD33-4278-898A-C2CCB89199E5}.Debug|x86.ActiveCfg = Debug|Win32
		{ADAB217F-CD33-4278-898A-C2CCB89199E5}.Debug|x86.Build.0 = Debug|Win32
		{ADAB217F-CD33-4278-898A-C2CCB89199E5}.Release|x64.ActiveCfg = Release|x64
		{ADAB217F-CD33-4278-898A-C2CCB89199E5}.Release|x64.Build.0 = Release|x64
		{ADAB217F-CD33-4278-898A-C2CCB89199E5}.Release|x86.ActiveCfg = Release|Win32
		{ADAB217F-CD33-4278-898A-C2CCB89199E5}.Release|x86.Build.0 = Release|Win32
		{894C48A5-B0BA-41F5-A0DB-F12FA38F045B}.Debug|x64.ActiveCfg = Debug|x64
		{894C48A5-B0BA-41F5-A0DB-F12FA38F045B}.Debug|x64.Build.0 = Debug|x64
		{894C48A5-B0BA-41F5-A0DB-F12FA38F045B}.Debug|x86.ActiveCfg = Debug|Win32
		{894C48A5-B0BA-41F5-A0DB-F12FA38F045B}.Debug|x86.Build.0 = Debug|Win32
		{894C48A5-B0BA-41F5-A0DB-F12FA38F045B}.Release|x64.ActiveCfg = Release|x64
		{894C48A5-B0BA-41F5-A0DB-F12FA38F045B}.Release|x64.Build.0 = Release|x64
		{894C48A5-B0BA-41F5-A0DB-F12FA38F045B}.Release|x86.ActiveCfg = Release|Win32
		{894C48A5-B0BA-41F5-A0DB-F12FA38F045B}.Release|x86.Build.0 = Release|Win32
		{D4B1A47B-E37C-499D-9AF9-FCE5659991E6}.Debug|x64.ActiveCfg = Debug|x64
		{D4B1A47B-E37C-499D-9AF9-FCE5659991E6}.Debug|x64.Build.0 = Debug|x64
		{D4B1A47B-E37C-499D-9AF9-FCE5659991E6}.Debug|x86.ActiveCfg = Debug|Win32
		{D4B1A47B-E37C-499D-9AF9-FCE5659991E6}.Debug|x86.Build.0 = Debug|Win32
		{D4B1A47B-E37C-499D-9AF9-FCE5659991E6}.Release|x64.ActiveCfg = Release|x64
		{D4B1A47B-E37C-499D-9AF9-FCE5659991E6}.Release|x64.Build.0 = Release|x64
		{D4B1A47B-E37C-499D-9AF9-FCE5659991E6}.Release|x86.ActiveCfg = Release|Win32
		{D4B1A47B-E37C-499D-9AF9-FCE5659991E6}.Release|x86.Build.0 = Release|Win32
		{4C3832DE-1DEF-467C-A4BA-5636A0AE85F0}.Debug|x64.ActiveCfg = Debug|x64
		{4C3832DE-1DEF-467C-A4BA-5636A0AE85F0}.Debug|x64.Build.0 = Debug|x64
		{4C3832DE-1DEF-467C-A4BA-5636A0AE85F0}.Debug|x86.ActiveCfg = Debug|Win32
		{4C3832DE-1DEF-467C-A4BA-5636A0AE85F0}.Debug|x86.Build.0 = Debug|Win32
		{4C3832DE-1DEF-467C-A4BA-5636A0AE85F0}.Release|x64.ActiveCfg = Release|x64
		{4C3832DE-1DEF-467C-A4BA-5636A0AE85F0}.Release|x64.Build.0 = Release|x64
		{4C3832DE-1DEF-467C-A4BA-5636A0AE85F0}.Release|x86.ActiveCfg = Release|Win32
		{4C3832DE-1DEF-467C-A4BA-5636A0AE85F0}.Release|x86.Build.0 = Release|Win32
		{288EB0AC-3C3F-4C37-91F3-7F72E560C814}.Debug|x64.ActiveCfg = Debug|x64
		{288EB0AC-3C3F-4C37-91F3-7F72E560C814}.Debug|x64.Build.0 = Debug|x64
		{288EB0AC-3C3F-4C37-91F3-7F72E560C814}.Debug|x86.ActiveCfg = Debug|Win32
		{288EB0AC-3C3F-4C37-91F3-7F72E560C814}.Debug|x86.Build.0 = Debug|Win32
		{288EB0AC-3C3F-4C37-91F3-7F72E560C814}.Release|x64.ActiveCfg = Release|x64
		{288EB0AC-3C3F-4C37-91F3-7F72E560C814}.Release|x64.Build.0 = Release|x64
		{288EB0AC-3C3F-4C37-91F3-7F72E560C814}.Release|x86.ActiveCfg = Release|Win32
		{288EB0AC-3C3F-4C37-91F3-7F72E560C814}.Release|x86.Build.0 = Release|Win32
		{046A056D-7EAD-4FF6-97FF-74558038293D}.Debug|x64.ActiveCfg = Debug|x64
		{046A056D-7EAD-4FF6-97FF-74558038293D}.Debug|x64.Build.0 = Debug|x64
		{046A056D-7EAD-4FF6-97FF-74558038293D}.Debug|x86.ActiveCfg = Debug|Win32
		{046A056D-7EAD-4FF6-97FF-74558038293D}.Debug|x86.Build.0 = Debug|Win32
		{046A056D-7EAD-4FF6-97FF-74558038293D}.Release|x64.ActiveCfg = Release|x64
		{046A056D-7EAD-4FF6-97FF-74558038293D}.Release|x64.Build.0 = Release|x64
		{046A056D-7EAD-4FF6-97FF-74558038293D}.Release|x86.ActiveCfg = Release|Win32
		{046A056D-7EAD-4FF6-97FF-74558038293D}.Release|x86.Build.0 = Release|Win32
		{D676C4EB-F743-4ECD-908F-64E7709A3F04}.Debug|x64.ActiveCfg = Debug|x64
		{D676C4EB-F743-4ECD-908F-64E7709A3F04}.Debug|x64.Build.0 = Debug|x64
		{D676C4EB-F743-4ECD-908F-64E7709A3F04}.Debug|x86.ActiveCfg = Debug|Win32
		{D676C4EB-F743-4ECD-908F-64E7709A3F04}.Debug|x86.Build.0 = Debug|Win32
		{D676C4EB-F743-4ECD-908F-64E7709A3F04}.Release|x64.ActiveCfg = Release|x64
		{D676C4EB-F743-4ECD-908F-64E7709A3F04}.Release|x64.Build.0 = Release|x64
		{D676C4EB-F743-4ECD-908F-64E7709A3F04}.Release|x86.ActiveCfg = Release|Win32
		{D676C4EB-F743-4ECD-908F-64E7709A3F04}.Release|x86.Build.0 = Release|Win32
		{FE888892-0902-47C3-A640-52590FBE4843}.Debug|x64.ActiveCfg = Debug|x64
		{FE888892-0902-47C3-A640-52590FBE4843}.Debug|x64.Build.0 = Debug|x64
		{FE888892-0902-47C3-A640-52590FBE4843}.Debug|x86.ActiveCfg = Debug|Win32
		{FE888892-0902-47C3-A640-52590FBE4843}.Debug|x86.Build.0 = Debug|Win32
		{FE888892-0902-47C3-A640-52590FBE4843}.Release|x64.ActiveCfg = Release|x64
		{FE888892-0902-47C3-A640-52590FBE4843}.Release|x64.Build.0 = Release|x64
		{FE888892-0902-47C3-A640-52590FBE4843}.Release|x86.ActiveCfg = Release|Win32
		{FE888892-0902-47C3-A640-52590FBE4843}.Release|x86.Build.0 = Release|Win32
		{84F5903C-D962-4BD5-BD34-54942EEB7129}.Debug|x64.ActiveCfg = Debug|x64
		{84F5903C-D962-4BD5-BD34-54942EEB7129}.Debug|x64.Build.0 = Debug|x64
		{84F5903C-D962-4BD5-BD34-54942EEB7129}.Debug|x86.ActiveCfg = Debug|Win32
		{84F5903C-D962-4BD5-BD34-54942EEB7129}.Debug|x86.Build.0 = Debug|Win32
		{84F5903C-D962-4BD5-BD34-54942EEB7129}.Release|x64.ActiveCfg = Release|x64
		{84F5903C-D962-4BD5-BD34-54942EEB7129}.Release|x64.Build.0 = Release|x64
		{84F5903C-D962-4BD5-BD34-54942EEB7129}.Release|x86.ActiveCfg = Release|Win32
		{84F5903C-D962-4BD5-BD34-54942EEB7129}.Release|x86.Build.0 = Release|Win32
		{0D851AC9-168F-44B3-AE3B-BBE846C1B604}.Debug|x64.ActiveCfg = Debug|x64
		{0D851AC9-168F-44B3-AE3B-BBE846C1B604}.Debug|x64.Build.0 = Debug|x64
		{0D851AC9-168F-44B3-AE3B-BBE846C1B604}.Debug|x86.ActiveCfg = Debug|Win32
		{0D851AC9-168F-44B3-AE3B-BBE846C1B604}.Debug|x86.Build.0 = Debug|Win32
		{0D851AC9-168F-44B3-AE3B-BBE846C1B604}.Release|x64.ActiveCfg = Release|x64
		{0D851AC9-168F-44B3-AE3B-BBE846C1B604}.Release|x64.Build.0 = Release|x64
		{0D851AC9-168F-44B3-AE3B-BBE846C1B604}.Release|x86.ActiveCfg = Release|Win32
		{0D851AC9-168F-44B3-AE3B-BBE846C1B604}.Release|x86.Build.0 = Release|Win32
		{55282B3E-5BE0-44B3-B468-AAABAA13E303}.Debug|x64.ActiveCfg = Debug|x64
		{55282B3E-5BE0-44B3-B468-AAABAA13E303}.Debug|x64.Build.0 = Debug|x64
		{55282B3E-5BE0-44B3-B468-AAABAA13E303}.Debug|x86.ActiveCfg = Debug|Win32
		{55282B3E-5BE0-44B3-B468-AAABAA13E303}.Debug|x86.Build.0 = Debug|Win32
		{55282B3E-5BE0-44B3-B468-AAABAA13E303}.Release|x64.ActiveCfg = Release|x64
		{55282B3E-5BE0-44B3-B468-AAABAA13E303}.Release|x64.Build.0 = Release|x64
		{55282B3E-5BE0-44B3-B468-AAABAA13E303}.Release|x86.ActiveCfg = Release|Win32
		{55282B3E-5BE0-44B3-B468-AAABAA13E303}.Release|x86.Build.0 = Release|Win32
		{EC335B17-FA60-4A65-9926-59BA1009B958}.Debug|x64.ActiveCfg = Debug|x64
		{EC335B17-FA60-4A65-9926-59BA1009B958}.Debug|x64.Build.0 = Debug|x64
		{EC335B17-FA60-4A65-9926-59BA1009B958}.Debug|x86.ActiveCfg = Debug|Win32
		{EC335B17-FA60-4A65-9926-59BA1009B958}.Debug|x86.Build.0 = Debug|Win32
		{EC335B17-FA60-4A65-9926-59BA1009B958}.Release|x64.ActiveCfg = Release|x64
		{EC335B17-FA60-4A65-9926-59BA1009B958}.Release|x64.Build.0 = Release|x64
		{EC335B17-FA60-4A65-9926-59BA1009B958}.Release|x86.ActiveCfg = Release|Win32
		{EC335B17-FA60-4A65-9926-59BA1009B958}.Release|x86.Build.0 = Release|Win32
		{D60C26B0-09E3-489B-82C4-69FDF43F034F}.Debug|x64.ActiveCfg = Debug|x64
		{D60C26B0-09E3-489B-82C4-69FDF43F034F}.Debug|x64.Build.0 = Debug|x64
		{D60C26B0-09E3-489B-82C4-69FDF43F034F}.Debug|x86.ActiveCfg = Debug|Win32
		{D60C26B0-09E3-489B-82C4-69FDF43F034F}.Debug|x86.Build.0 = Debug|Win32
		{D60C26B0-09E3-489B-82C4-69FDF43F034F}.Release|x64.ActiveCfg = Release|x64
		{D60C26B0-09E3-489B-82C4-69FDF43F034F}.Release|x64.Build.0 = Release|x64
		{D60C26B0-09E3-489B-82C4-69FDF43F034F}.Release|x86.ActiveCfg = Release|Win32
		{D60C26B0-09E3-489B-82C4-69FDF43F034F}.Release|x86.Build.0 = Release|Win32
		{0C051907-95A8-43D9-8A9B-AF44E9D02753}.Debug|x64.ActiveCfg = Debug|x64
		{0C051907-95A8-43D9-8A9B-AF44E9D02753}.Debug|x64.Build.0 = Debug|x64
		{0C051907-95A8-43D9-8A9B-AF44E9D02753}.Debug|x86.ActiveCfg = Debug|Win32
		{0C051907-95A8-43D9-8A9B-AF44E9D02753}.Debug|x86.Build.0 = Debug|Win32
		{0C051907-95A8-43D9-8A9B-AF44E9D02753}.Release|x64.ActiveCfg = Release|x64
		{0C051907-95A8-43D9-8A9B-AF44E9D02753}.Release|x64.Build.0 = Release|x64
		{0C051907-95A8-43D9-8A9B-AF44E9D02753}.Release|x86.ActiveCfg = Release|Win32
		{0C051907-95A8-43D9-8A9B-AF44E9D02753}.Release|x86.Build.0 = Release|Win32
		{346965D3-3A01-4D8D-972F-60A7406F5B78}.Debug|x64.ActiveCfg = Debug|x64
		{346965D3-3A01-4D8D-972F-60A7406F5B78}.Debug|x64.Build.0 = Debug|x64
		{346965D3-3A01-4D8D-972F-60A7406F5B78}.Debug|x86.ActiveCfg = Debug|Win32
		{346965D3-3A01-4D8D-972F-60A7406F5B78}.Debug|x86.Build.0 = Debug|Win32
		{346965D3-3A01-4D8D-972F-60A7406F5B78}.Release|x64.ActiveCfg = Release|x64
		{346965D3-3A01-4D8D-972F-60A7406F5B78}.Release|x64.Build.0 = Release|x64
		{346965D3-3A01-4D8D-972F-60A7406F5B78}.Release|x86.ActiveCfg = Release|Win32
		{346965D3-3A01-4D8D-972F-60A7406F5B78}.Release|x86.Build.0 = Release|Win32
		{4FA6F531-4324-4828-B89D-90C5252D7CC4}.Debug|x64.ActiveCfg = Debug|x64
		{4FA6F531-4324-4828-B89D-90C5252D7CC4}.Debug|x64.Build.0 = Debug|x64
		{4FA6F531-4324-4828-B89D-90C5252D7CC4}.Debug|x86.ActiveCfg = Debug|Win32
		{4FA6F531-4324-4828-B89D-90C5252D7CC4}.Debug|x86.Build.0 = Debug|Win32
		{4FA6F531-4324-4828-B89D-90C5252D7CC4}.Release|x64.ActiveCfg = Release|x64
		{4FA6F531-4324-4828-B89D-90C5252D7CC4}.Release|x64.Build.0 = Release|x64
		{4FA6F531-4324-4828-B89D-90C5252D7CC4}.Release|x86.ActiveCfg = Release|Win32
		{4FA6F531-4324-4828-B89D-90C5252D7CC4}.Release|x86.Build.0 = Release|Win32
		{EF4132FA-E35F-4E59-8376-079DEBBFCB6E}.Debug|x64.ActiveCfg = Debug|x64
		{EF4132FA-E35F-4E59-8376-079DEBBFCB6E}.Debug|x64.Build.0 = Debug|x64
		{EF4132FA-E35F-4E59-8376-079DEBBFCB6E}.Debug|x86.ActiveCfg = Debug|Win32
		{EF4132FA-E35F-4E59-8376-079DEBBFCB6E}.Debug|x86.Build.0 = Debug|Win32
		{EF4132FA-E35F-4E59-8376-079DEBBFCB6E}.Release|x64.ActiveCfg = Release|x64
		{EF4132FA-E35F-4E59-8376-079DEBBFCB6E}.Release|x64.Build.0 = Release|x64
		{EF4132FA-E35F-4E59-8376-079DEBBFCB6E}.Release|x86.ActiveCfg = Release|Win32
		{EF4132FA-E35F-4E59-8376-079DEBBFCB6E}.Release|x86.Build.0 = Release|Win32
		{A01D627A-57FC-41E0-B9EB-0D7C6849E785}.Debug|x64.ActiveCfg = Debug|x64
		{A01D627A-57FC-41E0-B9EB-0D7C6849E785}.Debug|x64.Build.0 = Debug|x64
		{A01D627A-57FC-41E0-B9EB-0D7C6849E785}.Debug|x86.ActiveCfg = Debug|Win32
		{A01D627A-57FC-41E0-B9EB-0D7C6849E785}.Debug|x86.Build.0 = Debug|Win32
		{A01D627A-57FC-41E0-B9EB-0D7C6849E785}.Release|x64.ActiveCfg = Release|x64
		{A01D627A-57FC-41E0-B9EB-0D7C6849E785}.Release|x64.Build.0 = Release|x64
		{A01D627A-57FC-41E0-B9EB-0D7C6849E785}.Release|x86.ActiveCfg = Release|Win32
		{A01D627A-57FC-41E0-B9EB-0D7C6849E785}.Release|x86.Build.0 = Release|Win32
		{1473A1FE-B846-4B89-9C3F-49F394055277}.Debug|x64.ActiveCfg = Debug|x64
		{1473A1FE-B846-4B89-9C3F-49F394055277}.Debug|x64.Build.0 = Debug|x64
		{1473A1FE-B846-4B89-9C3F-49F394055277}.Debug|x86.ActiveCfg = Debug|Win32
		{1473A1FE-B846-4B89-9C3F-49F394055277}.Debug|x86.Build.0 = Debug|Win32
		{1473A1FE-B846-4B89-9C3F-49F394055277}.Release|x64.ActiveCfg = Release|x64
		{1473A1FE-B846-4B89-9C3F-49F394055277}.Release|x64.Build.0 = Release|x64
		{1473A1FE-B846-4B89-9C3F-49F394055277}.Release|x86.ActiveCfg = Release|Win32
		{1473A1FE-B846-4B89-9C3F-49F394055277}.Release|x86.Build.0 = Release|Win32
		{EAEE5F4D-319A-4F21-AEF0-E3FDFEFD31A2}.Debug|x64.ActiveCfg = Debug|x64
		{EAEE5F4D-319A-4F21-AEF0-E3FDFEFD31A2}.Debug|x64.Build.0 = Debug|x64
		{EAEE5F4D-319A-4F21-AEF0-E3FDFEFD31A2}.Debug|x86.ActiveCfg = Debug|Win32
		{EAEE5F4D-319A-4F21-AEF0-E3FDFEFD31A2}.Debug|x86.Build.0 = Debug|Win32
		{EAEE5F4D-319A-4F21-AEF0-E3FDFEFD31A2}.Release|x64.ActiveCfg = Release|x64
		{EAEE5F4D-319A-4F21-AEF0-E3FDFEFD31A2}.Release|x64.Build.0 = Release|x64
		{EAEE5F4D-319A-4F21-AEF0-E3FDFEFD31A2}.Release|x86.ActiveCfg = Release|Win32
		{EAEE5F4D-319A-4F21-AEF0-E3FDFEFD31A2}.Release|x86.Build.0 = Release|Win32
		{D762F07E-EC24-4986-9541-FB0FBAF1A96C}.Debug|x64.ActiveCfg = Debug|x64
		{D762F07E-EC24-4986-9541-FB0FBAF1A96C}.Debug|x64.Build.0 = Debug|x64
		{D762F07E-EC24-4986-9541-FB0FBAF1A96C}.Debug|x86.ActiveCfg = Debug|Win32
		{D762F07E-EC24-4986-9541-FB0FBAF1A96C}.Debug|x86.Build.0 = Debug|Win32
		{D762F07E-EC24-4986-9541-FB0FBAF1A96C}.Release|x64.ActiveCfg = Release|x64
		{D762F07E-EC24-4986-9541-FB0FBAF1A96C}.Release|x64.Build.0 = Release|x64
		{D762F07E-EC24-4986-9541-FB0FBAF1A96C}.Release|x86.ActiveCfg = Release|Win32
		{D762F07E-EC24-4986-9541-FB0FBAF1A96C}.Release|x86.Build.0 = Release|Win32
		{806ED6C1-F814-40BD-9B38-FD2DF51F791C}.Debug|x64.ActiveCfg = Debug|x64
		{806ED6C1-F814-40BD-9B38-FD2DF51F791C}.Debug|x64.Build.0 = Debug|x64
		{806ED6C1-F814-40BD-9B38-FD2DF51F791C}.Debug|x86.ActiveCfg = Debug|Win32
		{806ED6C1-F814-40BD-9B38-FD2DF51F791C}.Debug|x86.Build.0 = Debug|Win32
		{806ED6C1-F814-40BD-9B38-FD2DF51F791C}.Release|x64.ActiveCfg = Release|x64
		{806ED6C1-F814-40BD-9B38-FD2DF51F791C}.Release|x64.Build.0 = Release|x64
		{806ED6C1-F814-40BD-9B38-FD2DF51F791C}.Release|x86.ActiveCfg = Release|Win32
		{806ED6C1-F814-40BD-9B38-FD2DF51F791C}.Release|x86.Build.0 = Release|Win32
		{3C030D14-2B12-4D1F-9753-B62D665B4CE3}.Debug|x64.ActiveCfg = Debug|x64
		{3C030D14-2B12-4D1F-9753-B62D665B4CE3}.Debug|x64.Build.0 = Debug|x64
		{3C030D14-2B12-4D1F-9753-B62D665B4CE3}.Debug|x86.ActiveCfg = Debug|Win32
		{3C030D14-2B12-4D1F-9753-B62D665B4CE3}.Debug|x86.Build.0 = Debug|Win32
		{3C030D14-2B12-4D1F-9753-B62D665B4CE3}.Release|x64.ActiveCfg = Release|x64
		{3C030D14-2B12-4D1F-9753-B62D665B4CE3}.Release|x64.Build.0 = Release|x64
		{3C030D14-2B12-4D1F-9753-B62D665B4CE3}.Release|x86.ActiveCfg = Release|Win32
		{3C030D14-2B12-4D1F-9753-B62D665B4CE3}.Release|x86.Build.0 = Release|Win32
		{BA7CDF81-2D9B-4BF0-B41F-7935EA90F106}.Debug|x64.ActiveCfg = Debug|x64
		{BA7CDF81-2D9B-4BF0-B41F-7935EA90F106}.Debug|x64.Build.0 = Debug|x64
		{BA7CDF81-2D9B-4BF0-B41F-7935EA90F106}.Debug|x86.ActiveCfg = Debug|Win32
		{BA7CDF81-2D9B-4BF0-B41F-7935EA90F106}.Debug|x86.Build.0 = Debug|Win32
		{BA7CDF81-2D9B-4BF0-B41F-7935EA90F106}.Release|x64.ActiveCfg = Release|x64
		{BA7CDF81-2D9B-4BF0-B41F-7935EA90F106}.Release|x64.Build.0 = Release|x64
		{BA7CDF81-2D9B-4BF0-B41F-7935EA90F106}.Release|x86.ActiveCfg = Release|Win32
		{BA7CDF81-2D9B-4BF0-B41F-7935EA90F106}.Release|x86.Build.0 = Release|Win32
		{771E94EE-DE1E-47B1-8DA1-4234C9F0E932}.Debug|x64.ActiveCfg = Debug|x64
		{771E94EE-DE1E-47B1-8DA1-4234C9F0E932}.Debug|x64.Build.0 = Debug|x64
		{771E94EE-DE1E-47B1-8DA1-4234C9F0E932}.Debug|x86.ActiveCfg = Debug|Win32
		{771E94EE-DE1E-47B1-8DA1-4234C9F0E932}.Debug|x86.Build.0 = Debug|Win32
		{771E94EE-DE1E-47B1-8DA1-4234C9F0E932}.Release|x64.ActiveCfg = Release|x64
		{771E94EE-DE1E-47B1-8DA1-4234C9F0E932}.Release|x64.Build.0 = Release|x64
		{771E94EE-DE1E-47B1-8DA1-4234C9F0E932}.Release|x86.ActiveCfg = Release|Win32
		{771E94EE-DE1E-47B1-8DA1-4234C9F0E932}.Release|x86.Build.0 = Release|Win32
		{B91B564D-C888-47F8-BBD9-61C8C8C9F2F3}.Debug|x64.ActiveCfg = Debug|x64
		{B91B564D-C888-47F8-BBD9-61C8C8C9F2F3}.Debug|x64.Build.0 = Debug|x64
		{B91B564D-C888-47F8-BBD9-61C8C8C9F2F3}.Debug|x86.ActiveCfg = Debug|Win32
		{B91B564D-C888-47F8-BBD9-61C8C8C9F2F3}.Debug|x86.Build.0 = Debug|Win32
		{B91B564D-C888-47F8-BBD9-61C8C8C9F2F3}.Release|x64.ActiveCfg = Release|x64
		{B91B564D-C888-47F8-BBD9-61C8C8C9F2F3}.Release|x64.Build.0 = Release|x64
		{B91B564D-C888-47F8-BBD9-61C8C8C9F2F3}.Release|x86.ActiveCfg = Release|Win32
		{B91B564D-C888-47F8-BBD9-61C8C8C9F2F3}.Release|x86.Build.0 = Release|Win32
		{96457E2E-839F-4C06-9C3C-4EEB5F884EED}.Debug|x64.ActiveCfg = Debug|x64
		{96457E2E-839F-4C06-9C3C-4EEB5F884EED}.Debug|x64.Build.0 = Debug|x64
		{96457E2E-839F-4C06-9C3C-4EEB5F884EED}.Debug|x86.ActiveCfg = Debug|Win32
		{96457E2E-839F-4C06-9C3C-4EEB5F884EED}.Debug|x86.Build.0 = Debug|Win32
		{96457E2E-839F-4C06-9C3C-4EEB5F884EED}.Release|x64.ActiveCfg = Release|x64
		{96457E2E-839F-4C06-9C3C-4EEB5F884EED}.Release|x64.Build.0 = Release|x64
		{96457E2E-839F-4C06-9C3C-4EEB5F884EED}.Release|x86.ActiveCfg = Release|Win32
		{96457E2E-839F-4C06-9C3C-4EEB5F884EED}.Release|x86.Build.0 = Release|Win32
		{55DA6E66-C0F6-4EED-A505-D2A757377FD8}.Debug|x64.ActiveCfg = Debug|x64
		{55DA6E66-C0F6-4EED-A505-D2A757377FD8}.Debug|x64.Build.0 = Debug|x64
		{55DA6E66-C0F6-4EED-A505-D2A757377FD8}.Debug|x86.ActiveCfg = Debug|Win32
		{55DA6E66-C0F6-4EED-A505-D2A757377FD8}.Debug|x86.Build.0 = Debug|Win32
		{55DA6E66-C0F6-4EED-A505-D2A757377FD8}.Release|x64.ActiveCfg = Release|x64
		{55DA6E66-C0F6-4EED-A505-D2A757377FD8}.Release|x64.Build.0 = Release|x64
		{55DA6E66-C0F6-4EED-A505-D2A757377FD8}.Release|x86.ActiveCfg = Release|Win32
		{55DA6E66-C0F6-4EED-A505-D2A757377FD8}.Release|x86.Build.0 = Release|Win32
		{040AF8AB-E8BB-41BA-A432-EE3DC5C1CCED}.Debug|x64.ActiveCfg = Debug|x64
		{040AF8AB-E8BB-41BA-A432-EE3DC5C1CCED}.Debug|x64.Build.0 = Debug|x64
		{040AF8AB-E8BB-41BA-A432-EE3DC5C1CCED}.Debug|x86.ActiveCfg = Debug|Win32
		{040AF8AB-E8BB-41BA-A432-EE3DC5C1CCED}.Debug|x86.Build.0 = Debug|Win32
		{040AF8AB-E8BB-41BA-A432-EE3DC5C1CCED}.Release|x64.ActiveCfg = Release|x64
		{040AF8AB-E8BB-41BA-A432-EE3DC5C1CCED}.Release|x64.Build.0 = Release|x64
		{040AF8AB-E8BB-41BA-A432-EE3DC5C1CCED}.Release|x86.ActiveCfg = Release|Win32
		{040AF8AB-E8BB-41BA-A432-EE3DC5C1CCED}.Release|x86.Build.0 = Release|Win32
		{58F01370-D2A1-49EF-97A3-D7F2586E9F20}.Debug|x64.ActiveCfg = Debug|x64
		{58F01370-D2A1-49EF-97A3-D7F2586E9F20}.Debug|x64.Build.0 = Debug|x64
		{58F01370-D2A1-49EF-97A3-D7F2586E9F20}.Debug|x86.ActiveCfg = Debug|Win32
		{58F01370-D2A1-49EF-97A3-D7F2586E9F20}.Debug|x86.Build.0 = Debug|Win32
		{58F01370-D2A1-49EF-97A3-D7F2586E9F20}.Release|x64.ActiveCfg = Release|x64
		{58F01370-D2A1-49EF-97A3-D7F2586E9F20}.Release|x64.Build.0 = Release|x64
		{58F01370-D2A1-49EF-97A3-D7F2586E9F20}.Release|x86.ActiveCfg = Release|Win32
		{58F01370-D2A1-49EF-97A3-D7F2586E9F20}.Release|x86.Build.0 = Release|Win32
		{6C38B9ED-A74B-4EFC-80CC-ADEE2B6EFED6}.Debug|x64.ActiveCfg = Debug|x64
		{6C38B9ED-A74B-4EFC-80CC-ADEE2B6EFED6}.Debug|x64.Build.0 = Debug|x64
		{6C38B9ED-A74B-4EFC-80CC-ADEE2B6EFED6}.Debug|x86.ActiveCfg = Debug|Win32
		{6C38B9ED-A74B-4EFC-80CC-ADEE2B6EFED6}.Debug|x86.Build.0 = Debug|Win32
		{6C38B9ED-A74B-4EFC-80CC-ADEE2B6EFED6}.Release|x64.ActiveCfg = Release|x64
		{6C38B9ED-A74B-4EFC-80CC-ADEE2B6EFED6}.Release|x64.Build.0 = Release|x64
		{6C38B9ED-A74B-4EFC-80CC-ADEE2B6EFED6}.Release|x86.ActiveCfg = Release|Win32
		{6C38B9ED-A74B-4EFC-80CC-ADEE2B6EFED6}.Release|x86.Build.0 = Release|Win32
		{2E9FD6AC-4716-4E38-A319-A7FBFAC3BDF7}.Debug|x64.ActiveCfg = Debug|x64
		{2E9FD6AC-4716-4E38-A319-A7FBFAC3BDF7}.Debug|x64.Build.0 = Debug|x64
		{2E9FD6AC-4716-4E38-A319-A7FBFAC3BDF7}.Debug|x86.ActiveCfg = Debug|Win32
		{2E9FD6AC-4716-4E38-A319-A7FBFAC3BDF7}.Debug|x86.Build.0 = Debug|Win32
		{2E9FD6AC-4716-4E38-A319-A7FBFAC3BDF7}.Release|x64.ActiveCfg = Release|x64
		{2E9FD6AC-4716-4E38-A319-A7FBFAC3BDF7}.Release|x64.Build.0 = Release|x64
		{2E9FD6AC-4716-4E38-A319-A7FBFAC3BDF7}.Release|x86.ActiveCfg = Release|Win32
		{2E9FD6AC-4716-4E38-A319-A7FBFAC3BDF7}.Release|x86.Build.0 = Release|Win32
		{00047653-464E-4F7E-8236-159E8986CE6E}.Debug|x64.ActiveCfg = Debug|x64
		{00047653-464E-4F7E-8236-159E8986CE6E}.Debug|x64.Build.0 = Debug|x64
		{00047653-464E-4F7E-8236-159E8986CE6E}.Debug|x86.ActiveCfg = Debug|Win32
		{00047653-464E-4F7E-8236-159E8986CE6E}.Debug|x86.Build.0 = Debug|Win32
		{00047653-464E-4F7E-8236-159E8986CE6E}.Release|x64.ActiveCfg = Release|x64
		{00047653-464E-4F7E-8236-159E8986CE6E}.Release|x64.Build.0 = Release|x64
		{00047653-464E-4F7E-8236-159E8986CE6E}.Release|x86.ActiveCfg = Release|Win32
		{00047653-464E-4F7E-8236-159E8986CE6E}.Release|x86.Build.0 = Release|Win32
		{8DA1DA88-B417-4E11-B454-76D2956887F7}.Debug|x64.ActiveCfg = Debug|x64
		{8DA1DA88-B417-4E11-B454-76D2956887F7}.Debug|x64.Build.0 = Debug|x64
		{8DA1DA88-B417-4E11-B454-76D2956887F7}.Debug|x86.ActiveCfg = Debug|Win32
		{8DA1DA88-B417-4E11-B454-76D2956887F7}.Debug|x86.Build.0 = Debug|Win32
		{8DA1DA88-B417-4E11-B454-76D2956887F7}.Release|x64.ActiveCfg = Release|x64
		{8DA1DA88-B417-4E11-B454-76D2956887F7}.Release|x64.Build.0 = Release|x64
		{8DA1DA88-B417-4E11-B454-76D2956887F7}.Release|x86.ActiveCfg = Release|Win32
		{8DA1DA88-B417-4E11-B454-76D2956887F7}.Release|x86.Build.0 = Release|Win32
		{4B1199D5-2964-4B79-BC93-1EE6BAB9DDCF}.Debug|x64.ActiveCfg = Debug|x64
		{4B1199D5-2964-4B79-BC93-1EE6BAB9DDCF}.Debug|x64.Build.0 = Debug|x64
		{4B1199D5-2964-4B79-BC93-1EE6BAB9DDCF}.Debug|x86.ActiveCfg = Debug|Win32
		{4B1199D5-2964-4B79-BC93-1EE6BAB9DDCF}.Debug|x86.Build.0 = Debug|Win32
		{4B1199D5-2964-4B79-BC93-1EE6BAB9DDCF}.Release|x64.ActiveCfg = Release|x64
		{4B1199D5-2964-4B79-BC93-1EE6BAB9DDCF}.Release|x64.Build.0 = Release|x64
		{4B1199D5-2964-4B79-BC93-1EE6BAB9DDCF}.Release|x86.ActiveCfg = Release|Win32
		{4B1199D5-2964-4B79-BC93-1EE6BAB9DDCF}.Release|x86.Build.0 = Release|Win32
		{8AF576DD-2949-40B1-9636-DDB1818F57E8}.Debug|x64.ActiveCfg = Debug|x64
		{8AF576DD-2949-40B1-9636-DDB1818F57E8}.Debug|x64.Build.0 = Debug|x64
		{8AF576DD-2949-40B1-9636-DDB1818F57E8}.Debug|x86.ActiveCfg = Debug|Win32
		{8AF576DD-2949-40B1-9636-DDB1818F57E8}.Debug|x86.Build.0 = Debug|Win32
		{8AF576DD-2949-40B1-9636-DDB1818F57E8}.Release|x64.ActiveCfg = Release|x64
		{8AF576DD-2949-40B1-9636-DDB1818F57E8}.Release|x64.Build.0 = Release|x64
		{8AF576DD-2949-40B1-9636-DDB1818F57E8}.Release|x86.ActiveCfg = Release|Win32
		{8AF576DD-2949-40B1-9636-DDB1818F57E8}.Release|x86.Build.0 = Release|Win32
		{C7395032-6C31-400B-BF32-77D892348AFD}.Debug|x64.ActiveCfg = Debug|x64
		{C7395032-6C31-400B-BF32-77D892348AFD}.Debug|x64.Build.0 = Debug|x64
		{C7395032-6C31-400B-BF32-77D892348AFD}.Debug|x86.ActiveCfg = Debug|Win32
		{C7395032-6C31-400B-BF32-77D892348AFD}.Debug|x86.Build.0 = Debug|Win32
		{C7395032-6C31-400B-BF32-77D892348AFD}.Release|x64.ActiveCfg = Release|x64
		{C7395032-6C31-400B-BF32-77D892348AFD}.Release|x64.Build.0 = Release|x64
		{C7395032-6C31-400B-BF32-77D892348AFD}.Release|x86.ActiveCfg = Release|Win32
		{C7395032-6C31-400B-BF32-77D892348AFD}.Release|x86.Build.0 = Release|Win32
		{F294B2FF-9202-45A2-9EF4-879509F84906}.Debug|x64.ActiveCfg = Debug|x64
		{F294B2FF-9202-45A2-9EF4-879509F84906}.Debug|x64.Build.0 = Debug|x64
		{F294B2FF-9202-45A2-9EF4-879509F84906}.Debug|x86.ActiveCfg = Debug|Win32
		{F294B2FF-9202-45A2-9EF4-879509F84906}.Debug|x86.Build.0 = Debug|Win32
		{F294B2FF-9202-45A2-9EF4-879509F84906}.Release|x64.ActiveCfg = Release|x64
		{F294B2FF-9202-45A2-9EF4-879509F84906}.Release|x64.Build.0 = Release|x64
		{F294B2FF-9202-45A2-9EF4-879509F84906}.Release|x86.ActiveCfg = Release|Win32
		{F294B2FF-9202-45A2-9EF4-879509F84906}.Release|x86.Build.0 = Release|Win32
		{35545614-4CAA-44D3-B286-169148896E04}.Debug|x64.ActiveCfg = Debug|x64
		{35545614-4CAA-44D3-B286-169148896E04}.Debug|x64.Build.0 = Debug|x64
		{35545614-4CAA-44D3-B286-169148896E04}.Debug|x86.ActiveCfg = Debug|Win32
		{35545614-4CAA-44D3-B286-169148896E04}.Debug|x86.Build.0 = Debug|Win32
		{35545614-4CAA-44D3-B286-169148896E04}.Release|x64.ActiveCfg = Release|x64
		{35545614-4CAA-44D3-B286-169148896E04}.Release|x64.Build.0 = Release|x64
		{35545614-4CAA-44D3-B286-169148896E04}.Release|x86.ActiveCfg = Release|Win32
		{35545614-4CAA-44D3-B286-169148896E04}.Release|x86.Build.0 = Release|Win32
		{D3273764-E61C-4ECB-83AC-E7ABE731AD64}.Debug|x64.ActiveCfg = Debug|x64
		{D3273764-E61C-4ECB-83AC-E7ABE731AD64}.Debug|x64.Build.0 = Debug|x64
		{D3273764-E61C-4ECB-83AC-E7ABE731AD64}.Debug|x86.ActiveCfg = Debug|Win32
		{D3273764-E61C-4ECB-83AC-E7ABE731AD64}.Debug|x86.Build.0 = Debug|Win32
		{D3273764-E61C-4ECB-83AC-E7ABE731AD64}.Release|x64.ActiveCfg = Release|x64
		{D3273764-E61C-4ECB-83AC-E7ABE731AD64}.Release|x64.Build.0 = Release|x64
		{D3273764-E61C-4ECB-83AC-E7ABE731AD64}.Release|x86.ActiveCfg = Release|Win32
		{D3273764-E61C-4ECB-83AC-E7ABE731AD64}.Release|x86.Build.0 = Release|Win32
		{500969B5-F2C3-492B-87F6-C41DCC09E0B0}.Debug|x64.ActiveCfg = Debug|x64
		{500969B5-F2C3-492B-87F6-C41DCC09E0B0}.Debug|x64.Build.0 = Debug|x64
		{500969B5-F2C3-492B-87F6-C41DCC09E0B0}.Debug|x86.ActiveCfg = Debug|Win32
		{500969B5-F2C3-492B-87F6-C41DCC09E0B0}.Debug|x86.Build.0 = Debug|Win32
		{500969B5-F2C3-492B-87F6-C41DCC09E0B0}.Release|x64.ActiveCfg = Release|x64
		{500969B5-F2C3-492B-87F6-C41DCC09E0B0}.Release|x64.Build.0 = Release|x64
		{500969B5-F2C3-492B-87F6-C41DCC09E0B0}.Release|x86.ActiveCfg = Release|Win32
		{500969B5-F2C3-492B-87F6-C41DCC09E0B0}.Release|x86.Build.0 = Release|Win32
		{6A8DB974-56E3-4CEF-BA37-FCF0E07EFF88}.Debug|x64.ActiveCfg = Debug|x64
		{6A8DB974-56E3-4CEF-BA37-FCF0E07EFF88}.Debug|x64.Build.0 = Debug|x64
		{6A8DB974-56E3-4CEF-BA37-FCF0E07EFF88}.Debug|x86.ActiveCfg = Debug|Win32
		{6A8DB974-56E3-4CEF-BA37-FCF0E07EFF88}.Debug|x86.Build.0 = Debug|Win32
		{6A8DB974-56E3-4CEF-BA37-FCF0E07EFF88}.Release|x64.ActiveCfg = Release|x64
		{6A8DB974-56E3-4CEF-BA37-FCF0E07EFF88}.Release|x64.Build.0 = Release|x64
		{6A8DB974-56E3-4CEF-BA37-FCF0E07EFF88}.Release|x86.ActiveCfg = Release|Win32
		{6A8DB974-56E3-4CEF-BA37-FCF0E07EFF88}.Release|x86.Build.0 = Release|Win32
		{96E78729-A670-4617-9848-4D295E2712EA}.Debug|x64.ActiveCfg = Debug|x64
		{96E78729-A670-4617-9848-4D295E2712EA}.Debug|x64.Build.0 = Debug|x64
		{96E78729-A670-4617-9848-4D295E2712EA}.Debug|x86.ActiveCfg = Debug|Win32
		{96E78729-A670-4617-9848-4D295E2712EA}.Debug|x86.Build.0 = Debug|Win32
		{96E78729-A670-4617-9848-4D295E2712EA}.Release|x64.ActiveCfg = Release|x64
		{96E78729-A670-4617-9848-4D295E2712EA}.Release|x64.Build.0 = Release|x64
		{96E78729-A670-4617-9848-4D295E2712EA}.Release|x86.ActiveCfg = Release|Win32
		{96E78729-A670-4617-9848-4D295E2712EA}.Release|x86.Build.0 = Release|Win32
	EndGlobalSection
	GlobalSection(SolutionProperties) = preSolution
		HideSolutionNode = FALSE
	EndGlobalSection
	GlobalSection(ExtensibilityGlobals) = postSolution
		SolutionGuid = {9FF9F04D-2E48-4B24-B772-7F407336C3E0}
	EndGlobalSection
EndGlobal
