
Microsoft Visual Studio Solution File, Format Version 12.00
# Visual Studio Version 17
VisualStudioVersion = 17.11.35312.102
MinimumVisualStudioVersion = 10.0.40219.1
Project("{8BC9CEB8-8B4A-11D0-8D11-00A0C91BC942}") = "Neetcode", "Neetcode.vcxproj", "{D5A52E30-6F67-4D0E-96C8-3C8247368544}"
EndProject
Global
	GlobalSection(SolutionConfigurationPlatforms) = preSolution
		Debug|x64 = Debug|x64
		Debug|x86 = Debug|x86
		Release|x64 = Release|x64
		Release|x86 = Release|x86
	EndGlobalSection
	GlobalSection(ProjectConfigurationPlatforms) = postSolution
		{D5A52E30-6F67-4D0E-96C8-3C8247368544}.Debug|x64.ActiveCfg = Debug|x64
		{D5A52E30-6F67-4D0E-96C8-3C8247368544}.Debug|x64.Build.0 = Debug|x64
		{D5A52E30-6F67-4D0E-96C8-3C8247368544}.Debug|x86.ActiveCfg = Debug|Win32
		{D5A52E30-6F67-4D0E-96C8-3C8247368544}.Debug|x86.Build.0 = Debug|Win32
		{D5A52E30-6F67-4D0E-96C8-3C8247368544}.Release|x64.ActiveCfg = Release|x64
		{D5A52E30-6F67-4D0E-96C8-3C8247368544}.Release|x64.Build.0 = Release|x64
		{D5A52E30-6F67-4D0E-96C8-3C8247368544}.Release|x86.ActiveCfg = Release|Win32
		{D5A52E30-6F67-4D0E-96C8-3C8247368544}.Release|x86.Build.0 = Release|Win32
	EndGlobalSection
	GlobalSection(SolutionProperties) = preSolution
		HideSolutionNode = FALSE
	EndGlobalSection
	GlobalSection(ExtensibilityGlobals) = postSolution
		SolutionGuid = {A64D2D9F-B1C2-4DB2-A8C7-29F27D429F89}
	EndGlobalSection
EndGlobal
