Microsoft Visual Studio Solution File, Format Version 12.00
# Visual Studio Version 17
VisualStudioVersion = 17.11.35312.102
MinimumVisualStudioVersion = 10.0.40219.1
Project("{8BC9CEB8-8B4A-11D0-8D11-00A0C91BC942}") = "Easy", "Easy.vcxproj", "{B21C3D2C-0CB5-43CC-8110-CAA6FAFF08FA}"
EndProject
Project("{8BC9CEB8-8B4A-11D0-8D11-00A0C91BC942}") = "LongestCommonPrefix", "LongestCommonPrefix\LongestCommonPrefix.vcxproj", "{EDB9AEE9-59F7-4934-A0E7-CF374A20AC89}"
EndProject
Project("{8BC9CEB8-8B4A-11D0-8D11-00A0C91BC942}") = "SearchInsertPos", "SearchInsertPos\SearchInsertPos.vcxproj", "{6445D855-FD76-41E9-890B-A51CCD2AB5A0}"
EndProject
Project("{8BC9CEB8-8B4A-11D0-8D11-00A0C91BC942}") = "DiameterOfBTree", "DiameterOfBTree\DiameterOfBTree.vcxproj", "{171CD3CA-7030-4A4E-BBDB-B260AE2CCE58}"
EndProject
Project("{8BC9CEB8-8B4A-11D0-8D11-00A0C91BC942}") = "TypedOutString", "TypedOutString\TypedOutString.vcxproj", "{238B91BD-13EB-4F3A-9832-5DE03FED92E6}"
EndProject
Project("{8BC9CEB8-8B4A-11D0-8D11-00A0C91BC942}") = "BinaryTreePath_257", "BinaryTreePath_257\BinaryTreePath_257.vcxproj", "{529F109E-3B08-41B1-9E5A-5BE2512C25F2}"
EndProject
Project("{8BC9CEB8-8B4A-11D0-8D11-00A0C91BC942}") = "MergeStringsAlternative_1768", "MergeStringsAlternative_1768\MergeStringsAlternative_1768.vcxproj", "{75741BB9-C77A-4E93-8BCF-DCFD947BD721}"
EndProject
Project("{8BC9CEB8-8B4A-11D0-8D11-00A0C91BC942}") = "GcdOfStrings_1071", "GcdOfStrings_1071\GcdOfStrings_1071.vcxproj", "{77E6C9FC-246F-43CB-B46B-9069B991B7BF}"
EndProject
Project("{8BC9CEB8-8B4A-11D0-8D11-00A0C91BC942}") = "ReverseVowels_345", "ReverseVowels_345\ReverseVowels_345.vcxproj", "{492C2C4D-CD73-439D-B72E-45567DD59CE0}"
EndProject
Project("{8BC9CEB8-8B4A-11D0-8D11-00A0C91BC942}") = "IsSubsequence_392", "IsSubsequence_392\IsSubsequence_392.vcxproj", "{FB5E5D4D-C5BE-4D8B-B9FD-F764E163A182}"
EndProject
Project("{8BC9CEB8-8B4A-11D0-8D11-00A0C91BC942}") = "CanPlaceFlowers_605", "CanPlaceFlowers_605\CanPlaceFlowers_605.vcxproj", "{C16C9798-5D50-4E15-8BA0-0F3439AADA2C}"
EndProject
Project("{8BC9CEB8-8B4A-11D0-8D11-00A0C91BC942}") = "FindHighestAlt_17332", "FindHighestAlt_17332\FindHighestAlt_17332.vcxproj", "{BB3A8A8C-F34D-4744-946F-310F10BFE485}"
EndProject
Project("{8BC9CEB8-8B4A-11D0-8D11-00A0C91BC942}") = "FindPivotIndex_724", "FindPivotIndex_724\FindPivotIndex_724.vcxproj", "{16DA2B5C-411A-4AD4-93E8-45A2E6D4C103}"
EndProject
Global
	GlobalSection(SolutionConfigurationPlatforms) = preSolution
		Debug|x64 = Debug|x64
		Debug|x86 = Debug|x86
		Release|x64 = Release|x64
		Release|x86 = Release|x86
	EndGlobalSection
	GlobalSection(ProjectConfigurationPlatforms) = postSolution
		{B21C3D2C-0CB5-43CC-8110-CAA6FAFF08FA}.Debug|x64.ActiveCfg = Debug|x64
		{B21C3D2C-0CB5-43CC-8110-CAA6FAFF08FA}.Debug|x64.Build.0 = Debug|x64
		{B21C3D2C-0CB5-43CC-8110-CAA6FAFF08FA}.Debug|x86.ActiveCfg = Debug|Win32
		{B21C3D2C-0CB5-43CC-8110-CAA6FAFF08FA}.Debug|x86.Build.0 = Debug|Win32
		{B21C3D2C-0CB5-43CC-8110-CAA6FAFF08FA}.Release|x64.ActiveCfg = Release|x64
		{B21C3D2C-0CB5-43CC-8110-CAA6FAFF08FA}.Release|x64.Build.0 = Release|x64
		{B21C3D2C-0CB5-43CC-8110-CAA6FAFF08FA}.Release|x86.ActiveCfg = Release|Win32
		{B21C3D2C-0CB5-43CC-8110-CAA6FAFF08FA}.Release|x86.Build.0 = Release|Win32
		{EDB9AEE9-59F7-4934-A0E7-CF374A20AC89}.Debug|x64.ActiveCfg = Debug|x64
		{EDB9AEE9-59F7-4934-A0E7-CF374A20AC89}.Debug|x64.Build.0 = Debug|x64
		{EDB9AEE9-59F7-4934-A0E7-CF374A20AC89}.Debug|x86.ActiveCfg = Debug|Win32
		{EDB9AEE9-59F7-4934-A0E7-CF374A20AC89}.Debug|x86.Build.0 = Debug|Win32
		{EDB9AEE9-59F7-4934-A0E7-CF374A20AC89}.Release|x64.ActiveCfg = Release|x64
		{EDB9AEE9-59F7-4934-A0E7-CF374A20AC89}.Release|x64.Build.0 = Release|x64
		{EDB9AEE9-59F7-4934-A0E7-CF374A20AC89}.Release|x86.ActiveCfg = Release|Win32
		{EDB9AEE9-59F7-4934-A0E7-CF374A20AC89}.Release|x86.Build.0 = Release|Win32
		{6445D855-FD76-41E9-890B-A51CCD2AB5A0}.Debug|x64.ActiveCfg = Debug|x64
		{6445D855-FD76-41E9-890B-A51CCD2AB5A0}.Debug|x64.Build.0 = Debug|x64
		{6445D855-FD76-41E9-890B-A51CCD2AB5A0}.Debug|x86.ActiveCfg = Debug|Win32
		{6445D855-FD76-41E9-890B-A51CCD2AB5A0}.Debug|x86.Build.0 = Debug|Win32
		{6445D855-FD76-41E9-890B-A51CCD2AB5A0}.Release|x64.ActiveCfg = Release|x64
		{6445D855-FD76-41E9-890B-A51CCD2AB5A0}.Release|x64.Build.0 = Release|x64
		{6445D855-FD76-41E9-890B-A51CCD2AB5A0}.Release|x86.ActiveCfg = Release|Win32
		{6445D855-FD76-41E9-890B-A51CCD2AB5A0}.Release|x86.Build.0 = Release|Win32
		{171CD3CA-7030-4A4E-BBDB-B260AE2CCE58}.Debug|x64.ActiveCfg = Debug|x64
		{171CD3CA-7030-4A4E-BBDB-B260AE2CCE58}.Debug|x64.Build.0 = Debug|x64
		{171CD3CA-7030-4A4E-BBDB-B260AE2CCE58}.Debug|x86.ActiveCfg = Debug|Win32
		{171CD3CA-7030-4A4E-BBDB-B260AE2CCE58}.Debug|x86.Build.0 = Debug|Win32
		{171CD3CA-7030-4A4E-BBDB-B260AE2CCE58}.Release|x64.ActiveCfg = Release|x64
		{171CD3CA-7030-4A4E-BBDB-B260AE2CCE58}.Release|x64.Build.0 = Release|x64
		{171CD3CA-7030-4A4E-BBDB-B260AE2CCE58}.Release|x86.ActiveCfg = Release|Win32
		{171CD3CA-7030-4A4E-BBDB-B260AE2CCE58}.Release|x86.Build.0 = Release|Win32
		{238B91BD-13EB-4F3A-9832-5DE03FED92E6}.Debug|x64.ActiveCfg = Debug|x64
		{238B91BD-13EB-4F3A-9832-5DE03FED92E6}.Debug|x64.Build.0 = Debug|x64
		{238B91BD-13EB-4F3A-9832-5DE03FED92E6}.Debug|x86.ActiveCfg = Debug|Win32
		{238B91BD-13EB-4F3A-9832-5DE03FED92E6}.Debug|x86.Build.0 = Debug|Win32
		{238B91BD-13EB-4F3A-9832-5DE03FED92E6}.Release|x64.ActiveCfg = Release|x64
		{238B91BD-13EB-4F3A-9832-5DE03FED92E6}.Release|x64.Build.0 = Release|x64
		{238B91BD-13EB-4F3A-9832-5DE03FED92E6}.Release|x86.ActiveCfg = Release|Win32
		{238B91BD-13EB-4F3A-9832-5DE03FED92E6}.Release|x86.Build.0 = Release|Win32
		{529F109E-3B08-41B1-9E5A-5BE2512C25F2}.Debug|x64.ActiveCfg = Debug|x64
		{529F109E-3B08-41B1-9E5A-5BE2512C25F2}.Debug|x64.Build.0 = Debug|x64
		{529F109E-3B08-41B1-9E5A-5BE2512C25F2}.Debug|x86.ActiveCfg = Debug|Win32
		{529F109E-3B08-41B1-9E5A-5BE2512C25F2}.Debug|x86.Build.0 = Debug|Win32
		{529F109E-3B08-41B1-9E5A-5BE2512C25F2}.Release|x64.ActiveCfg = Release|x64
		{529F109E-3B08-41B1-9E5A-5BE2512C25F2}.Release|x64.Build.0 = Release|x64
		{529F109E-3B08-41B1-9E5A-5BE2512C25F2}.Release|x86.ActiveCfg = Release|Win32
		{529F109E-3B08-41B1-9E5A-5BE2512C25F2}.Release|x86.Build.0 = Release|Win32
		{75741BB9-C77A-4E93-8BCF-DCFD947BD721}.Debug|x64.ActiveCfg = Debug|x64
		{75741BB9-C77A-4E93-8BCF-DCFD947BD721}.Debug|x64.Build.0 = Debug|x64
		{75741BB9-C77A-4E93-8BCF-DCFD947BD721}.Debug|x86.ActiveCfg = Debug|Win32
		{75741BB9-C77A-4E93-8BCF-DCFD947BD721}.Debug|x86.Build.0 = Debug|Win32
		{75741BB9-C77A-4E93-8BCF-DCFD947BD721}.Release|x64.ActiveCfg = Release|x64
		{75741BB9-C77A-4E93-8BCF-DCFD947BD721}.Release|x64.Build.0 = Release|x64
		{75741BB9-C77A-4E93-8BCF-DCFD947BD721}.Release|x86.ActiveCfg = Release|Win32
		{75741BB9-C77A-4E93-8BCF-DCFD947BD721}.Release|x86.Build.0 = Release|Win32
		{77E6C9FC-246F-43CB-B46B-9069B991B7BF}.Debug|x64.ActiveCfg = Debug|x64
		{77E6C9FC-246F-43CB-B46B-9069B991B7BF}.Debug|x64.Build.0 = Debug|x64
		{77E6C9FC-246F-43CB-B46B-9069B991B7BF}.Debug|x86.ActiveCfg = Debug|Win32
		{77E6C9FC-246F-43CB-B46B-9069B991B7BF}.Debug|x86.Build.0 = Debug|Win32
		{77E6C9FC-246F-43CB-B46B-9069B991B7BF}.Release|x64.ActiveCfg = Release|x64
		{77E6C9FC-246F-43CB-B46B-9069B991B7BF}.Release|x64.Build.0 = Release|x64
		{77E6C9FC-246F-43CB-B46B-9069B991B7BF}.Release|x86.ActiveCfg = Release|Win32
		{77E6C9FC-246F-43CB-B46B-9069B991B7BF}.Release|x86.Build.0 = Release|Win32
		{492C2C4D-CD73-439D-B72E-45567DD59CE0}.Debug|x64.ActiveCfg = Debug|x64
		{492C2C4D-CD73-439D-B72E-45567DD59CE0}.Debug|x64.Build.0 = Debug|x64
		{492C2C4D-CD73-439D-B72E-45567DD59CE0}.Debug|x86.ActiveCfg = Debug|Win32
		{492C2C4D-CD73-439D-B72E-45567DD59CE0}.Debug|x86.Build.0 = Debug|Win32
		{492C2C4D-CD73-439D-B72E-45567DD59CE0}.Release|x64.ActiveCfg = Release|x64
		{492C2C4D-CD73-439D-B72E-45567DD59CE0}.Release|x64.Build.0 = Release|x64
		{492C2C4D-CD73-439D-B72E-45567DD59CE0}.Release|x86.ActiveCfg = Release|Win32
		{492C2C4D-CD73-439D-B72E-45567DD59CE0}.Release|x86.Build.0 = Release|Win32
		{FB5E5D4D-C5BE-4D8B-B9FD-F764E163A182}.Debug|x64.ActiveCfg = Debug|x64
		{FB5E5D4D-C5BE-4D8B-B9FD-F764E163A182}.Debug|x64.Build.0 = Debug|x64
		{FB5E5D4D-C5BE-4D8B-B9FD-F764E163A182}.Debug|x86.ActiveCfg = Debug|Win32
		{FB5E5D4D-C5BE-4D8B-B9FD-F764E163A182}.Debug|x86.Build.0 = Debug|Win32
		{FB5E5D4D-C5BE-4D8B-B9FD-F764E163A182}.Release|x64.ActiveCfg = Release|x64
		{FB5E5D4D-C5BE-4D8B-B9FD-F764E163A182}.Release|x64.Build.0 = Release|x64
		{FB5E5D4D-C5BE-4D8B-B9FD-F764E163A182}.Release|x86.ActiveCfg = Release|Win32
		{FB5E5D4D-C5BE-4D8B-B9FD-F764E163A182}.Release|x86.Build.0 = Release|Win32
		{C16C9798-5D50-4E15-8BA0-0F3439AADA2C}.Debug|x64.ActiveCfg = Debug|x64
		{C16C9798-5D50-4E15-8BA0-0F3439AADA2C}.Debug|x64.Build.0 = Debug|x64
		{C16C9798-5D50-4E15-8BA0-0F3439AADA2C}.Debug|x86.ActiveCfg = Debug|Win32
		{C16C9798-5D50-4E15-8BA0-0F3439AADA2C}.Debug|x86.Build.0 = Debug|Win32
		{C16C9798-5D50-4E15-8BA0-0F3439AADA2C}.Release|x64.ActiveCfg = Release|x64
		{C16C9798-5D50-4E15-8BA0-0F3439AADA2C}.Release|x64.Build.0 = Release|x64
		{C16C9798-5D50-4E15-8BA0-0F3439AADA2C}.Release|x86.ActiveCfg = Release|Win32
		{C16C9798-5D50-4E15-8BA0-0F3439AADA2C}.Release|x86.Build.0 = Release|Win32
		{BB3A8A8C-F34D-4744-946F-310F10BFE485}.Debug|x64.ActiveCfg = Debug|x64
		{BB3A8A8C-F34D-4744-946F-310F10BFE485}.Debug|x64.Build.0 = Debug|x64
		{BB3A8A8C-F34D-4744-946F-310F10BFE485}.Debug|x86.ActiveCfg = Debug|Win32
		{BB3A8A8C-F34D-4744-946F-310F10BFE485}.Debug|x86.Build.0 = Debug|Win32
		{BB3A8A8C-F34D-4744-946F-310F10BFE485}.Release|x64.ActiveCfg = Release|x64
		{BB3A8A8C-F34D-4744-946F-310F10BFE485}.Release|x64.Build.0 = Release|x64
		{BB3A8A8C-F34D-4744-946F-310F10BFE485}.Release|x86.ActiveCfg = Release|Win32
		{BB3A8A8C-F34D-4744-946F-310F10BFE485}.Release|x86.Build.0 = Release|Win32
		{16DA2B5C-411A-4AD4-93E8-45A2E6D4C103}.Debug|x64.ActiveCfg = Debug|x64
		{16DA2B5C-411A-4AD4-93E8-45A2E6D4C103}.Debug|x64.Build.0 = Debug|x64
		{16DA2B5C-411A-4AD4-93E8-45A2E6D4C103}.Debug|x86.ActiveCfg = Debug|Win32
		{16DA2B5C-411A-4AD4-93E8-45A2E6D4C103}.Debug|x86.Build.0 = Debug|Win32
		{16DA2B5C-411A-4AD4-93E8-45A2E6D4C103}.Release|x64.ActiveCfg = Release|x64
		{16DA2B5C-411A-4AD4-93E8-45A2E6D4C103}.Release|x64.Build.0 = Release|x64
		{16DA2B5C-411A-4AD4-93E8-45A2E6D4C103}.Release|x86.ActiveCfg = Release|Win32
		{16DA2B5C-411A-4AD4-93E8-45A2E6D4C103}.Release|x86.Build.0 = Release|Win32
	EndGlobalSection
	GlobalSection(SolutionProperties) = preSolution
		HideSolutionNode = FALSE
	EndGlobalSection
	GlobalSection(ExtensibilityGlobals) = postSolution
		SolutionGuid = {05785056-2CFF-4F48-A58A-D1FE5105A4D0}
	EndGlobalSection
EndGlobal
